
Microsoft Visual Studio Solution File, Format Version 12.00
# Visual Studio 15
VisualStudioVersion = 15.0.27428.2043
MinimumVisualStudioVersion = 10.0.40219.1
Project("{FAE04EC0-301F-11D3-BF4B-00C04F79EFBC}") = "TapCapSupplier.Server", "Server\TapCapSupplier.Server\TapCapSupplier.Server.csproj", "{3CF5BD9C-AED6-4BB6-A6C9-5A16B00E898F}"
EndProject
Global
    GlobalSection(SolutionConfigurationPlatforms) = preSolution
        Debug|Any CPU = Debug|Any CPU
        Release|Any CPU = Release|Any CPU
    EndGlobalSection
    GlobalSection(ProjectConfigurationPlatforms) = postSolution
        {3CF5BD9C-AED6-4BB6-A6C9-5A16B00E898F}.Debug|Any CPU.ActiveCfg = Debug|Any CPU
        {3CF5BD9C-AED6-4BB6-A6C9-5A16B00E898F}.Debug|Any CPU.Build.0 = Debug|Any CPU
        {3CF5BD9C-AED6-4BB6-A6C9-5A16B00E898F}.Release|Any CPU.ActiveCfg = Release|Any CPU
        {3CF5BD9C-AED6-4BB6-A6C9-5A16B00E898F}.Release|Any CPU.Build.0 = Release|Any CPU
    EndGlobalSection
    GlobalSection(SolutionProperties) = preSolution
        HideSolutionNode = FALSE
    EndGlobalSection
EndGlobal
