
Microsoft Visual Studio Solution File, Format Version 12.00
# Visual Studio 15
VisualStudioVersion = 15.0.27428.2043
MinimumVisualStudioVersion = 10.0.40219.1
Project("{9A19103F-16F7-4668-BE54-9A1E7A4F7556}") = "TapCapSupplier.Server", "Server\TapCapSupplier.Server\TapCapSupplier.Server.csproj", "{775D4A52-CC7E-4905-945B-98561B0B4222}"
EndProject
Project("{9A19103F-16F7-4668-BE54-9A1E7A4F7556}") = "TheUtils", "..\..\TheUtils\TheUtils.csproj", "{E1875DFB-14A9-4295-BCBF-F40CC9A6D187}"
EndProject
Project("{9A19103F-16F7-4668-BE54-9A1E7A4F7556}") = "ThePricing", "..\..\the-pricing\ClientCS\src\ThePricing\ThePricing.csproj", "{408E6EDE-FE70-4120-9549-13DB061C44E0}"
EndProject
Global
	GlobalSection(SolutionConfigurationPlatforms) = preSolution
		Debug|Any CPU = Debug|Any CPU
		Release|Any CPU = Release|Any CPU
	EndGlobalSection
	GlobalSection(ProjectConfigurationPlatforms) = postSolution
		{775D4A52-CC7E-4905-945B-98561B0B4222}.Debug|Any CPU.ActiveCfg = Debug|Any CPU
		{775D4A52-CC7E-4905-945B-98561B0B4222}.Debug|Any CPU.Build.0 = Debug|Any CPU
		{775D4A52-CC7E-4905-945B-98561B0B4222}.Release|Any CPU.ActiveCfg = Release|Any CPU
		{775D4A52-CC7E-4905-945B-98561B0B4222}.Release|Any CPU.Build.0 = Release|Any CPU
		{E1875DFB-14A9-4295-BCBF-F40CC9A6D187}.Debug|Any CPU.ActiveCfg = Debug|Any CPU
		{E1875DFB-14A9-4295-BCBF-F40CC9A6D187}.Debug|Any CPU.Build.0 = Debug|Any CPU
		{E1875DFB-14A9-4295-BCBF-F40CC9A6D187}.Release|Any CPU.ActiveCfg = Release|Any CPU
		{E1875DFB-14A9-4295-BCBF-F40CC9A6D187}.Release|Any CPU.Build.0 = Release|Any CPU
		{408E6EDE-FE70-4120-9549-13DB061C44E0}.Debug|Any CPU.ActiveCfg = Debug|Any CPU
		{408E6EDE-FE70-4120-9549-13DB061C44E0}.Debug|Any CPU.Build.0 = Debug|Any CPU
		{408E6EDE-FE70-4120-9549-13DB061C44E0}.Release|Any CPU.ActiveCfg = Release|Any CPU
		{408E6EDE-FE70-4120-9549-13DB061C44E0}.Release|Any CPU.Build.0 = Release|Any CPU
	EndGlobalSection
	GlobalSection(SolutionProperties) = preSolution
		HideSolutionNode = FALSE
	EndGlobalSection
	GlobalSection(ExtensibilityGlobals) = postSolution
		SolutionGuid = {2659689C-128B-464C-9D10-E922A545BECB}
	EndGlobalSection
EndGlobal
