# THIS IS AN AUTOGENERATED FILE. DO NOT EDIT THIS FILE DIRECTLY.
# yarn lockfile v1


"@types/node@^10.3.2":
  version "10.12.3"
  resolved "https://tnadevelopment.pkgs.visualstudio.com/_packaging/the-coin/npm/registry/@types/node/-/node-10.12.3.tgz#3918b73ceed484e58367be5acb79d1775239e393"

aes-js@3.0.0:
  version "3.0.0"
  resolved "https://tnadevelopment.pkgs.visualstudio.com/_packaging/the-coin/npm/registry/aes-js/-/aes-js-3.0.0.tgz#e21df10ad6c2053295bcbb8dab40b09dbea87e4d"

ajv@^5.1.1:
  version "5.5.2"
  resolved "https://registry.yarnpkg.com/ajv/-/ajv-5.5.2.tgz#73b5eeca3fab653e3d3f9422b341ad42205dc965"
  dependencies:
    co "^4.6.0"
    fast-deep-equal "^1.0.0"
    fast-json-stable-stringify "^2.0.0"
    json-schema-traverse "^0.3.0"

ansi-regex@^2.0.0:
  version "2.1.1"
  resolved "https://registry.yarnpkg.com/ansi-regex/-/ansi-regex-2.1.1.tgz#c3b33ab5ee360d86e0e628f0468ae7ef27d654df"

ansi-styles@^3.2.1:
  version "3.2.1"
  resolved "https://registry.yarnpkg.com/ansi-styles/-/ansi-styles-3.2.1.tgz#41fbb20243e50b12be0f04b8dedbf07520ce841d"
  dependencies:
    color-convert "^1.9.0"

async@2.6.1:
  version "2.6.1"
  resolved "https://registry.yarnpkg.com/async/-/async-2.6.1.tgz#b245a23ca71930044ec53fa46aa00a3e87c6a610"
  dependencies:
    lodash "^4.17.10"

balanced-match@^1.0.0:
  version "1.0.0"
  resolved "https://registry.yarnpkg.com/balanced-match/-/balanced-match-1.0.0.tgz#89b4d199ab2bee49de164ea02b89ce462d71b767"

bignumber.js@^7.2.0:
  version "7.2.1"
  resolved "https://registry.yarnpkg.com/bignumber.js/-/bignumber.js-7.2.1.tgz#80c048759d826800807c4bfd521e50edbba57a5f"

"bignumber.js@git+https://github.com/debris/bignumber.js.git#94d7146671b9719e00a09c29b01a691bc85048c2":
  version "2.0.7"
  resolved "git+https://github.com/debris/bignumber.js.git#94d7146671b9719e00a09c29b01a691bc85048c2"

"bignumber.js@git+https://github.com/frozeman/bignumber.js-nolookahead.git":
  version "2.0.7"
  resolved "git+https://github.com/frozeman/bignumber.js-nolookahead.git#57692b3ecfc98bbdd6b3a516cb2353652ea49934"

bindings@^1.2.1:
  version "1.3.0"
  resolved "https://registry.yarnpkg.com/bindings/-/bindings-1.3.0.tgz#b346f6ecf6a95f5a815c5839fc7cdb22502f1ed7"

bip66@^1.1.3:
  version "1.1.5"
  resolved "https://registry.yarnpkg.com/bip66/-/bip66-1.1.5.tgz#01fa8748785ca70955d5011217d1b3139969ca22"
  dependencies:
    safe-buffer "^5.0.1"

bn.js@4.11.6:
  version "4.11.6"
  resolved "https://registry.yarnpkg.com/bn.js/-/bn.js-4.11.6.tgz#53344adb14617a13f6e8dd2ce28905d1c0ba3215"

bn.js@^4.10.0, bn.js@^4.11.3, bn.js@^4.4.0, bn.js@^4.8.0:
  version "4.11.8"
  resolved "https://registry.yarnpkg.com/bn.js/-/bn.js-4.11.8.tgz#2cde09eb5ee341f484746bb0309b3253b1b1442f"

brace-expansion@^1.1.7:
  version "1.1.11"
  resolved "https://registry.yarnpkg.com/brace-expansion/-/brace-expansion-1.1.11.tgz#3c7fcbf529d87226f3d2f52b966ff5271eb441dd"
  dependencies:
    balanced-match "^1.0.0"
    concat-map "0.0.1"

brorand@^1.0.1:
  version "1.1.0"
  resolved "https://registry.yarnpkg.com/brorand/-/brorand-1.1.0.tgz#12c25efe40a45e3c323eb8675a0a0ce57b22371f"

browser-stdout@1.3.0:
  version "1.3.0"
  resolved "https://registry.yarnpkg.com/browser-stdout/-/browser-stdout-1.3.0.tgz#f351d32969d32fa5d7a5567154263d928ae3bd1f"

browserify-aes@^1.0.6:
  version "1.2.0"
  resolved "http://registry.npmjs.org/browserify-aes/-/browserify-aes-1.2.0.tgz#326734642f403dabc3003209853bb70ad428ef48"
  dependencies:
    buffer-xor "^1.0.3"
    cipher-base "^1.0.0"
    create-hash "^1.1.0"
    evp_bytestokey "^1.0.3"
    inherits "^2.0.1"
    safe-buffer "^5.0.1"

browserify-sha3@^0.0.1:
  version "0.0.1"
  resolved "https://registry.yarnpkg.com/browserify-sha3/-/browserify-sha3-0.0.1.tgz#3ff34a3006ef15c0fb3567e541b91a2340123d11"
  dependencies:
    js-sha3 "^0.3.1"

buffer-xor@^1.0.3:
  version "1.0.3"
  resolved "https://registry.yarnpkg.com/buffer-xor/-/buffer-xor-1.0.3.tgz#26e61ed1422fb70dd42e6e36729ed51d855fe8d9"

builtin-modules@^1.0.0:
  version "1.1.1"
  resolved "https://registry.yarnpkg.com/builtin-modules/-/builtin-modules-1.1.1.tgz#270f076c5a72c02f5b65a47df94c5fe3a278892f"

camelcase@^3.0.0:
  version "3.0.0"
  resolved "https://registry.yarnpkg.com/camelcase/-/camelcase-3.0.0.tgz#32fc4b9fcdaf845fcdf7e73bb97cac2261f0ab0a"

chalk@^2.4.1:
  version "2.4.1"
  resolved "https://registry.yarnpkg.com/chalk/-/chalk-2.4.1.tgz#18c49ab16a037b6eb0152cc83e3471338215b66e"
  dependencies:
    ansi-styles "^3.2.1"
    escape-string-regexp "^1.0.5"
    supports-color "^5.3.0"

cipher-base@^1.0.0, cipher-base@^1.0.1, cipher-base@^1.0.3:
  version "1.0.4"
  resolved "https://registry.yarnpkg.com/cipher-base/-/cipher-base-1.0.4.tgz#8760e4ecc272f4c363532f926d874aae2c1397de"
  dependencies:
    inherits "^2.0.1"
    safe-buffer "^5.0.1"

cliui@^3.2.0:
  version "3.2.0"
  resolved "https://registry.yarnpkg.com/cliui/-/cliui-3.2.0.tgz#120601537a916d29940f934da3b48d585a39213d"
  dependencies:
    string-width "^1.0.1"
    strip-ansi "^3.0.1"
    wrap-ansi "^2.0.0"

co@^4.6.0:
  version "4.6.0"
  resolved "https://registry.yarnpkg.com/co/-/co-4.6.0.tgz#6ea6bdf3d853ae54ccb8e47bfa0bf3f9031fb184"

code-point-at@^1.0.0:
  version "1.1.0"
  resolved "https://registry.yarnpkg.com/code-point-at/-/code-point-at-1.1.0.tgz#0d070b4d043a5bea33a2f1a40e2edb3d9a4ccf77"

color-convert@^1.9.0:
  version "1.9.3"
  resolved "https://registry.yarnpkg.com/color-convert/-/color-convert-1.9.3.tgz#bb71850690e1f136567de629d2d5471deda4c1e8"
  dependencies:
    color-name "1.1.3"

color-name@1.1.3:
  version "1.1.3"
  resolved "https://registry.yarnpkg.com/color-name/-/color-name-1.1.3.tgz#a7d0558bd89c42f795dd42328f740831ca53bc25"

commander@2.11.0:
  version "2.11.0"
  resolved "https://registry.yarnpkg.com/commander/-/commander-2.11.0.tgz#157152fd1e7a6c8d98a5b715cf376df928004563"

concat-map@0.0.1:
  version "0.0.1"
  resolved "https://registry.yarnpkg.com/concat-map/-/concat-map-0.0.1.tgz#d8a96bd77fd68df7793a73036a3ba0d5405d477b"

create-hash@^1.1.0, create-hash@^1.1.2:
  version "1.2.0"
  resolved "http://registry.npmjs.org/create-hash/-/create-hash-1.2.0.tgz#889078af11a63756bcfb59bd221996be3a9ef196"
  dependencies:
    cipher-base "^1.0.1"
    inherits "^2.0.1"
    md5.js "^1.3.4"
    ripemd160 "^2.0.1"
    sha.js "^2.4.0"

create-hmac@^1.1.4:
  version "1.1.7"
  resolved "http://registry.npmjs.org/create-hmac/-/create-hmac-1.1.7.tgz#69170c78b3ab957147b2b8b04572e47ead2243ff"
  dependencies:
    cipher-base "^1.0.3"
    create-hash "^1.1.0"
    inherits "^2.0.1"
    ripemd160 "^2.0.0"
    safe-buffer "^5.0.1"
    sha.js "^2.4.8"

crypto-js@^3.1.4:
  version "3.1.8"
  resolved "https://registry.yarnpkg.com/crypto-js/-/crypto-js-3.1.8.tgz#715f070bf6014f2ae992a98b3929258b713f08d5"

crypto-js@^3.1.9-1:
  version "3.1.9-1"
  resolved "https://registry.yarnpkg.com/crypto-js/-/crypto-js-3.1.9-1.tgz#fda19e761fc077e01ffbfdc6e9fdfc59e8806cd8"

debug@3.1.0:
  version "3.1.0"
  resolved "https://registry.yarnpkg.com/debug/-/debug-3.1.0.tgz#5bb5a0672628b64149566ba16819e61518c67261"
  dependencies:
    ms "2.0.0"

debug@^3.1.0:
  version "3.2.6"
  resolved "https://registry.yarnpkg.com/debug/-/debug-3.2.6.tgz#e83d17de16d8a7efb7717edbe5fb10135eee629b"
  dependencies:
    ms "^2.1.1"

decamelize@^1.1.1:
  version "1.2.0"
  resolved "https://registry.yarnpkg.com/decamelize/-/decamelize-1.2.0.tgz#f6534d15148269b20352e7bee26f501f9a191290"

diff@3.3.1:
  version "3.3.1"
  resolved "https://registry.yarnpkg.com/diff/-/diff-3.3.1.tgz#aa8567a6eed03c531fc89d3f711cd0e5259dec75"

drbg.js@^1.0.1:
  version "1.0.1"
  resolved "https://registry.yarnpkg.com/drbg.js/-/drbg.js-1.0.1.tgz#3e36b6c42b37043823cdbc332d58f31e2445480b"
  dependencies:
    browserify-aes "^1.0.6"
    create-hash "^1.1.2"
    create-hmac "^1.1.4"

elliptic@6.3.3:
  version "6.3.3"
  resolved "https://tnadevelopment.pkgs.visualstudio.com/_packaging/the-coin/npm/registry/elliptic/-/elliptic-6.3.3.tgz#5482d9646d54bcb89fd7d994fc9e2e9568876e3f"
  dependencies:
    bn.js "^4.4.0"
    brorand "^1.0.1"
    hash.js "^1.0.0"
    inherits "^2.0.1"

elliptic@^6.2.3:
  version "6.4.1"
  resolved "https://registry.yarnpkg.com/elliptic/-/elliptic-6.4.1.tgz#c2d0b7776911b86722c632c3c06c60f2f819939a"
  dependencies:
    bn.js "^4.4.0"
    brorand "^1.0.1"
    hash.js "^1.0.0"
    hmac-drbg "^1.0.0"
    inherits "^2.0.1"
    minimalistic-assert "^1.0.0"
    minimalistic-crypto-utils "^1.0.0"

error-ex@^1.2.0:
  version "1.3.2"
  resolved "https://registry.yarnpkg.com/error-ex/-/error-ex-1.3.2.tgz#b4ac40648107fdcdcfae242f428bea8a14d4f1bf"
  dependencies:
    is-arrayish "^0.2.1"

escape-string-regexp@1.0.5, escape-string-regexp@^1.0.5:
  version "1.0.5"
  resolved "https://registry.yarnpkg.com/escape-string-regexp/-/escape-string-regexp-1.0.5.tgz#1b61c0562190a8dff6ae3bb2cf0200ca130b86d4"

ethereumjs-abi@^0.6.5:
  version "0.6.5"
  resolved "https://registry.yarnpkg.com/ethereumjs-abi/-/ethereumjs-abi-0.6.5.tgz#5a637ef16ab43473fa72a29ad90871405b3f5241"
  dependencies:
    bn.js "^4.10.0"
    ethereumjs-util "^4.3.0"

ethereumjs-util@^4.3.0:
  version "4.5.0"
  resolved "http://registry.npmjs.org/ethereumjs-util/-/ethereumjs-util-4.5.0.tgz#3e9428b317eebda3d7260d854fddda954b1f1bc6"
  dependencies:
    bn.js "^4.8.0"
    create-hash "^1.1.2"
    keccakjs "^0.2.0"
    rlp "^2.0.0"
    secp256k1 "^3.0.1"

ethers@^4.0.7:
  version "4.0.7"
  resolved "https://tnadevelopment.pkgs.visualstudio.com/_packaging/the-coin/npm/registry/ethers/-/ethers-4.0.7.tgz#8c653618077a1fc60c5c1b2575da03561f0039f4"
  dependencies:
    "@types/node" "^10.3.2"
    aes-js "3.0.0"
    bn.js "^4.4.0"
    elliptic "6.3.3"
    hash.js "1.1.3"
    js-sha3 "0.5.7"
    scrypt-js "2.0.4"
    setimmediate "1.0.4"
    uuid "2.0.1"
    xmlhttprequest "1.8.0"

ethjs-abi@0.1.8:
  version "0.1.8"
  resolved "https://registry.yarnpkg.com/ethjs-abi/-/ethjs-abi-0.1.8.tgz#cd288583ed628cdfadaf8adefa3ba1dbcbca6c18"
  dependencies:
    bn.js "4.11.6"
    js-sha3 "0.5.5"
    number-to-bn "1.7.0"

evp_bytestokey@^1.0.3:
  version "1.0.3"
  resolved "https://registry.yarnpkg.com/evp_bytestokey/-/evp_bytestokey-1.0.3.tgz#7fcbdb198dc71959432efe13842684e0525acb02"
  dependencies:
    md5.js "^1.3.4"
    safe-buffer "^5.1.1"

fast-deep-equal@^1.0.0:
  version "1.1.0"
  resolved "http://registry.npmjs.org/fast-deep-equal/-/fast-deep-equal-1.1.0.tgz#c053477817c86b51daa853c81e059b733d023614"

fast-json-stable-stringify@^2.0.0:
  version "2.0.0"
  resolved "https://registry.yarnpkg.com/fast-json-stable-stringify/-/fast-json-stable-stringify-2.0.0.tgz#d5142c0caee6b1189f87d3a76111064f86c8bbf2"

find-up@^1.0.0:
  version "1.1.2"
  resolved "https://registry.yarnpkg.com/find-up/-/find-up-1.1.2.tgz#6b2e9822b1a2ce0a60ab64d610eccad53cb24d0f"
  dependencies:
    path-exists "^2.0.0"
    pinkie-promise "^2.0.0"

find-up@^2.1.0:
  version "2.1.0"
  resolved "https://registry.yarnpkg.com/find-up/-/find-up-2.1.0.tgz#45d1b7e506c717ddd482775a2b77920a3c0c57a7"
  dependencies:
    locate-path "^2.0.0"

fs-extra@^0.30.0:
  version "0.30.0"
  resolved "http://registry.npmjs.org/fs-extra/-/fs-extra-0.30.0.tgz#f233ffcc08d4da7d432daa449776989db1df93f0"
  dependencies:
    graceful-fs "^4.1.2"
    jsonfile "^2.1.0"
    klaw "^1.0.0"
    path-is-absolute "^1.0.0"
    rimraf "^2.2.8"

fs.realpath@^1.0.0:
  version "1.0.0"
  resolved "https://registry.yarnpkg.com/fs.realpath/-/fs.realpath-1.0.0.tgz#1504ad2523158caa40db4a2787cb01411994ea4f"

get-caller-file@^1.0.1:
  version "1.0.3"
  resolved "https://registry.yarnpkg.com/get-caller-file/-/get-caller-file-1.0.3.tgz#f978fa4c90d1dfe7ff2d6beda2a515e713bdcf4a"

glob@7.1.2:
  version "7.1.2"
  resolved "https://registry.yarnpkg.com/glob/-/glob-7.1.2.tgz#c19c9df9a028702d678612384a6552404c636d15"
  dependencies:
    fs.realpath "^1.0.0"
    inflight "^1.0.4"
    inherits "2"
    minimatch "^3.0.4"
    once "^1.3.0"
    path-is-absolute "^1.0.0"

glob@^7.0.5, glob@^7.1.3:
  version "7.1.3"
  resolved "https://registry.yarnpkg.com/glob/-/glob-7.1.3.tgz#3960832d3f1574108342dafd3a67b332c0969df1"
  dependencies:
    fs.realpath "^1.0.0"
    inflight "^1.0.4"
    inherits "2"
    minimatch "^3.0.4"
    once "^1.3.0"
    path-is-absolute "^1.0.0"

graceful-fs@^4.1.2, graceful-fs@^4.1.6, graceful-fs@^4.1.9:
  version "4.1.15"
  resolved "https://registry.yarnpkg.com/graceful-fs/-/graceful-fs-4.1.15.tgz#ffb703e1066e8a0eeaa4c8b80ba9253eeefbfb00"

growl@1.10.3:
  version "1.10.3"
  resolved "https://registry.yarnpkg.com/growl/-/growl-1.10.3.tgz#1926ba90cf3edfe2adb4927f5880bc22c66c790f"

has-flag@^2.0.0:
  version "2.0.0"
  resolved "https://registry.yarnpkg.com/has-flag/-/has-flag-2.0.0.tgz#e8207af1cc7b30d446cc70b734b5e8be18f88d51"

has-flag@^3.0.0:
  version "3.0.0"
  resolved "https://registry.yarnpkg.com/has-flag/-/has-flag-3.0.0.tgz#b5d454dc2199ae225699f3467e5a07f3b955bafd"

hash-base@^3.0.0:
  version "3.0.4"
  resolved "https://registry.yarnpkg.com/hash-base/-/hash-base-3.0.4.tgz#5fc8686847ecd73499403319a6b0a3f3f6ae4918"
  dependencies:
    inherits "^2.0.1"
    safe-buffer "^5.0.1"

hash.js@1.1.3:
  version "1.1.3"
  resolved "https://tnadevelopment.pkgs.visualstudio.com/_packaging/the-coin/npm/registry/hash.js/-/hash.js-1.1.3.tgz#340dedbe6290187151c1ea1d777a3448935df846"
  dependencies:
    inherits "^2.0.3"
    minimalistic-assert "^1.0.0"

hash.js@^1.0.0, hash.js@^1.0.3:
  version "1.1.5"
  resolved "https://registry.yarnpkg.com/hash.js/-/hash.js-1.1.5.tgz#e38ab4b85dfb1e0c40fe9265c0e9b54854c23812"
  dependencies:
    inherits "^2.0.3"
    minimalistic-assert "^1.0.1"

he@1.1.1:
  version "1.1.1"
  resolved "https://registry.yarnpkg.com/he/-/he-1.1.1.tgz#93410fd21b009735151f8868c2f271f3427e23fd"

hmac-drbg@^1.0.0:
  version "1.0.1"
  resolved "https://registry.yarnpkg.com/hmac-drbg/-/hmac-drbg-1.0.1.tgz#d2745701025a6c775a6c545793ed502fc0c649a1"
  dependencies:
    hash.js "^1.0.3"
    minimalistic-assert "^1.0.0"
    minimalistic-crypto-utils "^1.0.1"

hosted-git-info@^2.1.4:
  version "2.7.1"
  resolved "https://registry.yarnpkg.com/hosted-git-info/-/hosted-git-info-2.7.1.tgz#97f236977bd6e125408930ff6de3eec6281ec047"

inflight@^1.0.4:
  version "1.0.6"
  resolved "https://registry.yarnpkg.com/inflight/-/inflight-1.0.6.tgz#49bd6331d7d02d0c09bc910a1075ba8165b56df9"
  dependencies:
    once "^1.3.0"
    wrappy "1"

inherits@2, inherits@^2.0.1, inherits@^2.0.3:
  version "2.0.3"
  resolved "https://registry.yarnpkg.com/inherits/-/inherits-2.0.3.tgz#633c2c83e3da42a502f52466022480f4208261de"

invert-kv@^1.0.0:
  version "1.0.0"
  resolved "https://registry.yarnpkg.com/invert-kv/-/invert-kv-1.0.0.tgz#104a8e4aaca6d3d8cd157a8ef8bfab2d7a3ffdb6"

is-arrayish@^0.2.1:
  version "0.2.1"
  resolved "https://registry.yarnpkg.com/is-arrayish/-/is-arrayish-0.2.1.tgz#77c99840527aa8ecb1a8ba697b80645a7a926a9d"

is-builtin-module@^1.0.0:
  version "1.0.0"
  resolved "http://registry.npmjs.org/is-builtin-module/-/is-builtin-module-1.0.0.tgz#540572d34f7ac3119f8f76c30cbc1b1e037affbe"
  dependencies:
    builtin-modules "^1.0.0"

is-fullwidth-code-point@^1.0.0:
  version "1.0.0"
  resolved "https://registry.yarnpkg.com/is-fullwidth-code-point/-/is-fullwidth-code-point-1.0.0.tgz#ef9e31386f031a7f0d643af82fde50c457ef00cb"
  dependencies:
    number-is-nan "^1.0.0"

is-hex-prefixed@1.0.0:
  version "1.0.0"
  resolved "https://registry.yarnpkg.com/is-hex-prefixed/-/is-hex-prefixed-1.0.0.tgz#7d8d37e6ad77e5d127148913c573e082d777f554"

is-utf8@^0.2.0:
  version "0.2.1"
  resolved "https://registry.yarnpkg.com/is-utf8/-/is-utf8-0.2.1.tgz#4b0da1442104d1b336340e80797e865cf39f7d72"

js-sha3@0.5.5:
  version "0.5.5"
  resolved "https://registry.yarnpkg.com/js-sha3/-/js-sha3-0.5.5.tgz#baf0c0e8c54ad5903447df96ade7a4a1bca79a4a"

js-sha3@0.5.7:
  version "0.5.7"
  resolved "https://tnadevelopment.pkgs.visualstudio.com/_packaging/the-coin/npm/registry/js-sha3/-/js-sha3-0.5.7.tgz#0d4ffd8002d5333aabaf4a23eed2f6374c9f28e7"

js-sha3@^0.3.1:
  version "0.3.1"
  resolved "https://registry.yarnpkg.com/js-sha3/-/js-sha3-0.3.1.tgz#86122802142f0828502a0d1dee1d95e253bb0243"

json-schema-traverse@^0.3.0:
  version "0.3.1"
  resolved "https://registry.yarnpkg.com/json-schema-traverse/-/json-schema-traverse-0.3.1.tgz#349a6d44c53a51de89b40805c5d5e59b417d3340"

jsonfile@^2.1.0:
  version "2.4.0"
  resolved "http://registry.npmjs.org/jsonfile/-/jsonfile-2.4.0.tgz#3736a2b428b87bbda0cc83b53fa3d633a35c2ae8"
  optionalDependencies:
    graceful-fs "^4.1.6"

keccakjs@^0.2.0:
  version "0.2.1"
  resolved "https://registry.yarnpkg.com/keccakjs/-/keccakjs-0.2.1.tgz#1d633af907ef305bbf9f2fa616d56c44561dfa4d"
  dependencies:
    browserify-sha3 "^0.0.1"
    sha3 "^1.1.0"

klaw@^1.0.0:
  version "1.3.1"
  resolved "https://registry.yarnpkg.com/klaw/-/klaw-1.3.1.tgz#4088433b46b3b1ba259d78785d8e96f73ba02439"
  optionalDependencies:
    graceful-fs "^4.1.9"

lcid@^1.0.0:
  version "1.0.0"
  resolved "https://registry.yarnpkg.com/lcid/-/lcid-1.0.0.tgz#308accafa0bc483a3867b4b6f2b9506251d1b835"
  dependencies:
    invert-kv "^1.0.0"

load-json-file@^1.0.0:
  version "1.1.0"
  resolved "http://registry.npmjs.org/load-json-file/-/load-json-file-1.1.0.tgz#956905708d58b4bab4c2261b04f59f31c99374c0"
  dependencies:
    graceful-fs "^4.1.2"
    parse-json "^2.2.0"
    pify "^2.0.0"
    pinkie-promise "^2.0.0"
    strip-bom "^2.0.0"

locate-path@^2.0.0:
  version "2.0.0"
  resolved "https://registry.yarnpkg.com/locate-path/-/locate-path-2.0.0.tgz#2b568b265eec944c6d9c0de9c3dbbbca0354cd8e"
  dependencies:
    p-locate "^2.0.0"
    path-exists "^3.0.0"

lodash.assign@^4.0.3, lodash.assign@^4.0.6:
  version "4.2.0"
  resolved "https://registry.yarnpkg.com/lodash.assign/-/lodash.assign-4.2.0.tgz#0d99f3ccd7a6d261d19bdaeb9245005d285808e7"

lodash@4.17.10:
  version "4.17.10"
  resolved "https://registry.yarnpkg.com/lodash/-/lodash-4.17.10.tgz#1b7793cf7259ea38fb3661d4d38b3260af8ae4e7"

lodash@^4.17.10:
  version "4.17.11"
  resolved "https://registry.yarnpkg.com/lodash/-/lodash-4.17.11.tgz#b39ea6229ef607ecd89e2c8df12536891cac9b8d"

md5.js@^1.3.4:
  version "1.3.5"
  resolved "https://registry.yarnpkg.com/md5.js/-/md5.js-1.3.5.tgz#b5d07b8e3216e3e27cd728d72f70d1e6a342005f"
  dependencies:
    hash-base "^3.0.0"
    inherits "^2.0.1"
    safe-buffer "^5.1.2"

memorystream@^0.3.1:
  version "0.3.1"
  resolved "https://registry.yarnpkg.com/memorystream/-/memorystream-0.3.1.tgz#86d7090b30ce455d63fbae12dda51a47ddcaf9b2"

minimalistic-assert@^1.0.0, minimalistic-assert@^1.0.1:
  version "1.0.1"
  resolved "https://registry.yarnpkg.com/minimalistic-assert/-/minimalistic-assert-1.0.1.tgz#2e194de044626d4a10e7f7fbc00ce73e83e4d5c7"

minimalistic-crypto-utils@^1.0.0, minimalistic-crypto-utils@^1.0.1:
  version "1.0.1"
  resolved "https://registry.yarnpkg.com/minimalistic-crypto-utils/-/minimalistic-crypto-utils-1.0.1.tgz#f6c00c1c0b082246e5c4d99dfb8c7c083b2b582a"

minimatch@^3.0.4:
  version "3.0.4"
  resolved "https://registry.yarnpkg.com/minimatch/-/minimatch-3.0.4.tgz#5166e286457f03306064be5497e8dbb0c3d32083"
  dependencies:
    brace-expansion "^1.1.7"

minimist@0.0.8:
  version "0.0.8"
  resolved "http://registry.npmjs.org/minimist/-/minimist-0.0.8.tgz#857fcabfc3397d2625b8228262e86aa7a011b05d"

mkdirp@0.5.1, mkdirp@^0.5.1:
  version "0.5.1"
  resolved "http://registry.npmjs.org/mkdirp/-/mkdirp-0.5.1.tgz#30057438eac6cf7f8c4767f38648d6697d75c903"
  dependencies:
    minimist "0.0.8"

mocha@^4.1.0:
  version "4.1.0"
  resolved "https://registry.yarnpkg.com/mocha/-/mocha-4.1.0.tgz#7d86cfbcf35cb829e2754c32e17355ec05338794"
  dependencies:
    browser-stdout "1.3.0"
    commander "2.11.0"
    debug "3.1.0"
    diff "3.3.1"
    escape-string-regexp "1.0.5"
    glob "7.1.2"
    growl "1.10.3"
    he "1.1.1"
    mkdirp "0.5.1"
    supports-color "4.4.0"

ms@2.0.0:
  version "2.0.0"
  resolved "https://registry.yarnpkg.com/ms/-/ms-2.0.0.tgz#5608aeadfc00be6c2901df5f9861788de0d597c8"

ms@^2.1.1:
  version "2.1.1"
  resolved "https://registry.yarnpkg.com/ms/-/ms-2.1.1.tgz#30a5864eb3ebb0a66f2ebe6d727af06a09d86e0a"

nan@2.10.0:
  version "2.10.0"
  resolved "http://registry.npmjs.org/nan/-/nan-2.10.0.tgz#96d0cd610ebd58d4b4de9cc0c6828cda99c7548f"

nan@^2.2.1:
  version "2.11.1"
  resolved "https://registry.yarnpkg.com/nan/-/nan-2.11.1.tgz#90e22bccb8ca57ea4cd37cc83d3819b52eea6766"

normalize-package-data@^2.3.2:
  version "2.4.0"
  resolved "https://registry.yarnpkg.com/normalize-package-data/-/normalize-package-data-2.4.0.tgz#12f95a307d58352075a04907b84ac8be98ac012f"
  dependencies:
    hosted-git-info "^2.1.4"
    is-builtin-module "^1.0.0"
    semver "2 || 3 || 4 || 5"
    validate-npm-package-license "^3.0.1"

number-is-nan@^1.0.0:
  version "1.0.1"
  resolved "https://registry.yarnpkg.com/number-is-nan/-/number-is-nan-1.0.1.tgz#097b602b53422a522c1afb8790318336941a011d"

number-to-bn@1.7.0:
  version "1.7.0"
  resolved "https://registry.yarnpkg.com/number-to-bn/-/number-to-bn-1.7.0.tgz#bb3623592f7e5f9e0030b1977bd41a0c53fe1ea0"
  dependencies:
    bn.js "4.11.6"
    strip-hex-prefix "1.0.0"

once@^1.3.0:
  version "1.4.0"
  resolved "https://registry.yarnpkg.com/once/-/once-1.4.0.tgz#583b1aa775961d4b113ac17d9c50baef9dd76bd1"
  dependencies:
    wrappy "1"

openzeppelin-eth@^2.0.2:
  version "2.0.2"
  resolved "https://registry.yarnpkg.com/openzeppelin-eth/-/openzeppelin-eth-2.0.2.tgz#7aa169a64bd41b796aed485530aa19e6e5a3fc64"

openzeppelin-solidity@~1.10.0:
  version "1.10.0"
  resolved "https://registry.yarnpkg.com/openzeppelin-solidity/-/openzeppelin-solidity-1.10.0.tgz#d77eee6653f5958d051318a61ba0b436f92216c0"

original-require@1.0.1:
  version "1.0.1"
  resolved "https://registry.yarnpkg.com/original-require/-/original-require-1.0.1.tgz#0f130471584cd33511c5ec38c8d59213f9ac5e20"

os-locale@^1.4.0:
  version "1.4.0"
  resolved "http://registry.npmjs.org/os-locale/-/os-locale-1.4.0.tgz#20f9f17ae29ed345e8bde583b13d2009803c14d9"
  dependencies:
    lcid "^1.0.0"

p-limit@^1.1.0:
  version "1.3.0"
  resolved "https://registry.yarnpkg.com/p-limit/-/p-limit-1.3.0.tgz#b86bd5f0c25690911c7590fcbfc2010d54b3ccb8"
  dependencies:
    p-try "^1.0.0"

p-locate@^2.0.0:
  version "2.0.0"
  resolved "https://registry.yarnpkg.com/p-locate/-/p-locate-2.0.0.tgz#20a0103b222a70c8fd39cc2e580680f3dde5ec43"
  dependencies:
    p-limit "^1.1.0"

p-try@^1.0.0:
  version "1.0.0"
  resolved "https://registry.yarnpkg.com/p-try/-/p-try-1.0.0.tgz#cbc79cdbaf8fd4228e13f621f2b1a237c1b207b3"

parse-json@^2.2.0:
  version "2.2.0"
  resolved "https://registry.yarnpkg.com/parse-json/-/parse-json-2.2.0.tgz#f480f40434ef80741f8469099f8dea18f55a4dc9"
  dependencies:
    error-ex "^1.2.0"

path-exists@^2.0.0:
  version "2.1.0"
  resolved "https://registry.yarnpkg.com/path-exists/-/path-exists-2.1.0.tgz#0feb6c64f0fc518d9a754dd5efb62c7022761f4b"
  dependencies:
    pinkie-promise "^2.0.0"

path-exists@^3.0.0:
  version "3.0.0"
  resolved "https://registry.yarnpkg.com/path-exists/-/path-exists-3.0.0.tgz#ce0ebeaa5f78cb18925ea7d810d7b59b010fd515"

path-is-absolute@^1.0.0:
  version "1.0.1"
  resolved "https://registry.yarnpkg.com/path-is-absolute/-/path-is-absolute-1.0.1.tgz#174b9268735534ffbc7ace6bf53a5a9e1b5c5f5f"

path-type@^1.0.0:
  version "1.1.0"
  resolved "https://registry.yarnpkg.com/path-type/-/path-type-1.1.0.tgz#59c44f7ee491da704da415da5a4070ba4f8fe441"
  dependencies:
    graceful-fs "^4.1.2"
    pify "^2.0.0"
    pinkie-promise "^2.0.0"

pify@^2.0.0:
  version "2.3.0"
  resolved "http://registry.npmjs.org/pify/-/pify-2.3.0.tgz#ed141a6ac043a849ea588498e7dca8b15330e90c"

pinkie-promise@^2.0.0:
  version "2.0.1"
  resolved "https://registry.yarnpkg.com/pinkie-promise/-/pinkie-promise-2.0.1.tgz#2135d6dfa7a358c069ac9b178776288228450ffa"
  dependencies:
    pinkie "^2.0.0"

pinkie@^2.0.0:
  version "2.0.4"
  resolved "https://registry.yarnpkg.com/pinkie/-/pinkie-2.0.4.tgz#72556b80cfa0d48a974e80e77248e80ed4f7f870"

read-pkg-up@^1.0.1:
  version "1.0.1"
  resolved "https://registry.yarnpkg.com/read-pkg-up/-/read-pkg-up-1.0.1.tgz#9d63c13276c065918d57f002a57f40a1b643fb02"
  dependencies:
    find-up "^1.0.0"
    read-pkg "^1.0.0"

read-pkg@^1.0.0:
  version "1.1.0"
  resolved "https://registry.yarnpkg.com/read-pkg/-/read-pkg-1.1.0.tgz#f5ffaa5ecd29cb31c0474bca7d756b6bb29e3f28"
  dependencies:
    load-json-file "^1.0.0"
    normalize-package-data "^2.3.2"
    path-type "^1.0.0"

require-directory@^2.1.1:
  version "2.1.1"
  resolved "https://registry.yarnpkg.com/require-directory/-/require-directory-2.1.1.tgz#8c64ad5fd30dab1c976e2344ffe7f792a6a6df42"

require-from-string@^1.1.0:
  version "1.2.1"
  resolved "https://registry.yarnpkg.com/require-from-string/-/require-from-string-1.2.1.tgz#529c9ccef27380adfec9a2f965b649bbee636418"

require-main-filename@^1.0.1:
  version "1.0.1"
  resolved "https://registry.yarnpkg.com/require-main-filename/-/require-main-filename-1.0.1.tgz#97f717b69d48784f5f526a6c5aa8ffdda055a4d1"

rimraf@^2.2.8:
  version "2.6.2"
  resolved "https://registry.yarnpkg.com/rimraf/-/rimraf-2.6.2.tgz#2ed8150d24a16ea8651e6d6ef0f47c4158ce7a36"
  dependencies:
    glob "^7.0.5"

ripemd160@^2.0.0, ripemd160@^2.0.1:
  version "2.0.2"
  resolved "https://registry.yarnpkg.com/ripemd160/-/ripemd160-2.0.2.tgz#a1c1a6f624751577ba5d07914cbc92850585890c"
  dependencies:
    hash-base "^3.0.0"
    inherits "^2.0.1"

rlp@^2.0.0:
  version "2.1.0"
  resolved "https://registry.yarnpkg.com/rlp/-/rlp-2.1.0.tgz#e4f9886d5a982174f314543831e36e1a658460f9"
  dependencies:
    safe-buffer "^5.1.1"

safe-buffer@^5.0.1, safe-buffer@^5.1.0, safe-buffer@^5.1.1, safe-buffer@^5.1.2:
  version "5.1.2"
  resolved "https://registry.yarnpkg.com/safe-buffer/-/safe-buffer-5.1.2.tgz#991ec69d296e0313747d59bdfd2b745c35f8828d"

scrypt-js@2.0.4:
  version "2.0.4"
  resolved "https://tnadevelopment.pkgs.visualstudio.com/_packaging/the-coin/npm/registry/scrypt-js/-/scrypt-js-2.0.4.tgz#32f8c5149f0797672e551c07e230f834b6af5f16"

secp256k1@^3.0.1:
  version "3.5.2"
  resolved "https://registry.yarnpkg.com/secp256k1/-/secp256k1-3.5.2.tgz#f95f952057310722184fe9c914e6b71281f2f2ae"
  dependencies:
    bindings "^1.2.1"
    bip66 "^1.1.3"
    bn.js "^4.11.3"
    create-hash "^1.1.2"
    drbg.js "^1.0.1"
    elliptic "^6.2.3"
    nan "^2.2.1"
    safe-buffer "^5.1.0"

"semver@2 || 3 || 4 || 5", semver@^5.3.0, semver@^5.4.1, semver@^5.5.1:
  version "5.6.0"
  resolved "https://registry.yarnpkg.com/semver/-/semver-5.6.0.tgz#7e74256fbaa49c75aa7c7a205cc22799cac80004"

set-blocking@^2.0.0:
  version "2.0.0"
  resolved "https://registry.yarnpkg.com/set-blocking/-/set-blocking-2.0.0.tgz#045f9782d011ae9a6803ddd382b24392b3d890f7"

setimmediate@1.0.4:
  version "1.0.4"
  resolved "https://tnadevelopment.pkgs.visualstudio.com/_packaging/the-coin/npm/registry/setimmediate/-/setimmediate-1.0.4.tgz#20e81de622d4a02588ce0c8da8973cbcf1d3138f"

sha.js@^2.4.0, sha.js@^2.4.8:
  version "2.4.11"
  resolved "http://registry.npmjs.org/sha.js/-/sha.js-2.4.11.tgz#37a5cf0b81ecbc6943de109ba2960d1b26584ae7"
  dependencies:
    inherits "^2.0.1"
    safe-buffer "^5.0.1"

sha3@^1.1.0:
  version "1.2.2"
  resolved "https://registry.yarnpkg.com/sha3/-/sha3-1.2.2.tgz#a66c5098de4c25bc88336ec8b4817d005bca7ba9"
  dependencies:
    nan "2.10.0"

solc@0.4.24:
  version "0.4.24"
  resolved "https://registry.yarnpkg.com/solc/-/solc-0.4.24.tgz#354f14b269b38cbaa82a47d1ff151723502b954e"
  dependencies:
    fs-extra "^0.30.0"
    memorystream "^0.3.1"
    require-from-string "^1.1.0"
    semver "^5.3.0"
    yargs "^4.7.1"

solidity-parser-antlr@^0.3.1:
  version "0.3.2"
  resolved "https://registry.yarnpkg.com/solidity-parser-antlr/-/solidity-parser-antlr-0.3.2.tgz#1cf9d019280550a31299dc380e87a310dc4ca154"

spdx-correct@^3.0.0:
  version "3.0.2"
  resolved "https://registry.yarnpkg.com/spdx-correct/-/spdx-correct-3.0.2.tgz#19bb409e91b47b1ad54159243f7312a858db3c2e"
  dependencies:
    spdx-expression-parse "^3.0.0"
    spdx-license-ids "^3.0.0"

spdx-exceptions@^2.1.0:
  version "2.2.0"
  resolved "https://registry.yarnpkg.com/spdx-exceptions/-/spdx-exceptions-2.2.0.tgz#2ea450aee74f2a89bfb94519c07fcd6f41322977"

spdx-expression-parse@^3.0.0:
  version "3.0.0"
  resolved "https://registry.yarnpkg.com/spdx-expression-parse/-/spdx-expression-parse-3.0.0.tgz#99e119b7a5da00e05491c9fa338b7904823b41d0"
  dependencies:
    spdx-exceptions "^2.1.0"
    spdx-license-ids "^3.0.0"

spdx-license-ids@^3.0.0:
  version "3.0.2"
  resolved "https://registry.yarnpkg.com/spdx-license-ids/-/spdx-license-ids-3.0.2.tgz#a59efc09784c2a5bada13cfeaf5c75dd214044d2"

string-width@^1.0.1:
  version "1.0.2"
  resolved "https://registry.yarnpkg.com/string-width/-/string-width-1.0.2.tgz#118bdf5b8cdc51a2a7e70d211e07e2b0b9b107d3"
  dependencies:
    code-point-at "^1.0.0"
    is-fullwidth-code-point "^1.0.0"
    strip-ansi "^3.0.0"

strip-ansi@^3.0.0, strip-ansi@^3.0.1:
  version "3.0.1"
  resolved "http://registry.npmjs.org/strip-ansi/-/strip-ansi-3.0.1.tgz#6a385fb8853d952d5ff05d0e8aaf94278dc63dcf"
  dependencies:
    ansi-regex "^2.0.0"

strip-bom@^2.0.0:
  version "2.0.0"
  resolved "https://registry.yarnpkg.com/strip-bom/-/strip-bom-2.0.0.tgz#6219a85616520491f35788bdbf1447a99c7e6b0e"
  dependencies:
    is-utf8 "^0.2.0"

strip-hex-prefix@1.0.0:
  version "1.0.0"
  resolved "https://registry.yarnpkg.com/strip-hex-prefix/-/strip-hex-prefix-1.0.0.tgz#0c5f155fef1151373377de9dbb588da05500e36f"
  dependencies:
    is-hex-prefixed "1.0.0"

supports-color@4.4.0:
  version "4.4.0"
  resolved "https://registry.yarnpkg.com/supports-color/-/supports-color-4.4.0.tgz#883f7ddabc165142b2a61427f3352ded195d1a3e"
  dependencies:
    has-flag "^2.0.0"

supports-color@^5.3.0:
  version "5.5.0"
  resolved "https://registry.yarnpkg.com/supports-color/-/supports-color-5.5.0.tgz#e2e69a44ac8772f78a1ec0b35b689df6530efc8f"
  dependencies:
    has-flag "^3.0.0"

truffle-blockchain-utils@^0.0.5:
  version "0.0.5"
  resolved "https://registry.yarnpkg.com/truffle-blockchain-utils/-/truffle-blockchain-utils-0.0.5.tgz#a4e5c064dadd69f782a137f3d276d21095da7a47"

truffle-config@^1.0.6:
  version "1.0.6"
  resolved "https://registry.yarnpkg.com/truffle-config/-/truffle-config-1.0.6.tgz#181da7d319c0c55eb2781d5c1886a9c7f32fa470"
  dependencies:
    find-up "^2.1.0"
    lodash "4.17.10"
    original-require "1.0.1"
    truffle-error "^0.0.3"
    truffle-provider "^0.0.6"

truffle-contract-schema@^2.0.1:
  version "2.0.1"
  resolved "https://registry.yarnpkg.com/truffle-contract-schema/-/truffle-contract-schema-2.0.1.tgz#9bf821d32e26e674ba15eb5d40f96b10b1c9d568"
  dependencies:
    ajv "^5.1.1"
    crypto-js "^3.1.9-1"
    debug "^3.1.0"

truffle-contract@^3.0.6:
  version "3.0.6"
  resolved "https://registry.yarnpkg.com/truffle-contract/-/truffle-contract-3.0.6.tgz#2ef6fc32d7faafa9f4aed8e50001a9fdea342192"
  dependencies:
    ethjs-abi "0.1.8"
    truffle-blockchain-utils "^0.0.5"
    truffle-contract-schema "^2.0.1"
    truffle-error "^0.0.3"
    web3 "0.20.6"

truffle-error@^0.0.3:
  version "0.0.3"
  resolved "https://registry.yarnpkg.com/truffle-error/-/truffle-error-0.0.3.tgz#4bf55242e14deee1c7194932709182deff2c97ca"

truffle-expect@^0.0.4:
  version "0.0.4"
  resolved "https://registry.yarnpkg.com/truffle-expect/-/truffle-expect-0.0.4.tgz#d5b27adea4c552f43b70dc00877236b7b68c75c8"

truffle-flattener@^1.2.8:
  version "1.2.9"
  resolved "https://registry.yarnpkg.com/truffle-flattener/-/truffle-flattener-1.2.9.tgz#b1145b727ec3b006da8b7dfe859489ba66a0f063"
  dependencies:
    chalk "^2.4.1"
    find-up "^2.1.0"
    mkdirp "^0.5.1"
    semver "^5.4.1"
    solidity-parser-antlr "^0.3.1"
    truffle-config "^1.0.6"
    truffle-resolver "^4.0.4"
    tsort "0.0.1"

truffle-provider@^0.0.6:
  version "0.0.6"
  resolved "https://registry.yarnpkg.com/truffle-provider/-/truffle-provider-0.0.6.tgz#71a92ed67636ada5e78905690d72ea922ad4a613"
  dependencies:
    truffle-error "^0.0.3"
    web3 "0.20.6"

truffle-provisioner@^0.1.1:
  version "0.1.1"
  resolved "https://registry.yarnpkg.com/truffle-provisioner/-/truffle-provisioner-0.1.1.tgz#5a8327d62511ef23c950d3aa862610a7c377e2aa"

truffle-resolver@^4.0.4:
  version "4.0.4"
  resolved "https://registry.yarnpkg.com/truffle-resolver/-/truffle-resolver-4.0.4.tgz#dfd9a8dbca5c5873d7792d1444473d0770ac97d4"
  dependencies:
    async "2.6.1"
    truffle-contract "^3.0.6"
    truffle-expect "^0.0.4"
    truffle-provisioner "^0.1.1"

truffle@^4.1.14:
  version "4.1.14"
  resolved "https://registry.yarnpkg.com/truffle/-/truffle-4.1.14.tgz#8d2c298e29abf9b1e486e44ff9faca6d34bb9030"
  dependencies:
    mocha "^4.1.0"
    original-require "1.0.1"
    solc "0.4.24"

tsort@0.0.1:
  version "0.0.1"
  resolved "https://registry.yarnpkg.com/tsort/-/tsort-0.0.1.tgz#e2280f5e817f8bf4275657fd0f9aebd44f5a2786"

utf8@^2.1.1:
  version "2.1.2"
  resolved "http://registry.npmjs.org/utf8/-/utf8-2.1.2.tgz#1fa0d9270e9be850d9b05027f63519bf46457d96"

uuid@2.0.1:
  version "2.0.1"
  resolved "https://tnadevelopment.pkgs.visualstudio.com/_packaging/the-coin/npm/registry/uuid/-/uuid-2.0.1.tgz#c2a30dedb3e535d72ccf82e343941a50ba8533ac"

validate-npm-package-license@^3.0.1:
  version "3.0.4"
  resolved "https://registry.yarnpkg.com/validate-npm-package-license/-/validate-npm-package-license-3.0.4.tgz#fc91f6b9c7ba15c857f4cb2c5defeec39d4f410a"
  dependencies:
    spdx-correct "^3.0.0"
    spdx-expression-parse "^3.0.0"

web3@0.20.6:
  version "0.20.6"
  resolved "http://registry.npmjs.org/web3/-/web3-0.20.6.tgz#3e97306ae024fb24e10a3d75c884302562215120"
  dependencies:
    bignumber.js "git+https://github.com/frozeman/bignumber.js-nolookahead.git"
    crypto-js "^3.1.4"
    utf8 "^2.1.1"
    xhr2 "*"
    xmlhttprequest "*"

web3@^0.18.4:
  version "0.18.4"
  resolved "https://registry.yarnpkg.com/web3/-/web3-0.18.4.tgz#81ec1784145491f2eaa8955b31c06049e07c5e7d"
  dependencies:
    bignumber.js "git+https://github.com/debris/bignumber.js.git#94d7146671b9719e00a09c29b01a691bc85048c2"
    crypto-js "^3.1.4"
    utf8 "^2.1.1"
    xhr2 "*"
    xmlhttprequest "*"

which-module@^1.0.0:
  version "1.0.0"
  resolved "https://registry.yarnpkg.com/which-module/-/which-module-1.0.0.tgz#bba63ca861948994ff307736089e3b96026c2a4f"

window-size@^0.2.0:
  version "0.2.0"
  resolved "https://registry.yarnpkg.com/window-size/-/window-size-0.2.0.tgz#b4315bb4214a3d7058ebeee892e13fa24d98b075"

wrap-ansi@^2.0.0:
  version "2.1.0"
  resolved "http://registry.npmjs.org/wrap-ansi/-/wrap-ansi-2.1.0.tgz#d8fc3d284dd05794fe84973caecdd1cf824fdd85"
  dependencies:
    string-width "^1.0.1"
    strip-ansi "^3.0.1"

wrappy@1:
  version "1.0.2"
  resolved "https://registry.yarnpkg.com/wrappy/-/wrappy-1.0.2.tgz#b5243d8f3ec1aa35f1364605bc0d1036e30ab69f"

xhr2@*:
  version "0.1.4"
  resolved "https://registry.yarnpkg.com/xhr2/-/xhr2-0.1.4.tgz#7f87658847716db5026323812f818cadab387a5f"

xmlhttprequest@*, xmlhttprequest@1.8.0:
  version "1.8.0"
  resolved "https://registry.yarnpkg.com/xmlhttprequest/-/xmlhttprequest-1.8.0.tgz#67fe075c5c24fef39f9d65f5f7b7fe75171968fc"

y18n@^3.2.1:
  version "3.2.1"
  resolved "https://registry.yarnpkg.com/y18n/-/y18n-3.2.1.tgz#6d15fba884c08679c0d77e88e7759e811e07fa41"

yargs-parser@^2.4.1:
  version "2.4.1"
  resolved "http://registry.npmjs.org/yargs-parser/-/yargs-parser-2.4.1.tgz#85568de3cf150ff49fa51825f03a8c880ddcc5c4"
  dependencies:
    camelcase "^3.0.0"
    lodash.assign "^4.0.6"

yargs@^4.7.1:
  version "4.8.1"
  resolved "http://registry.npmjs.org/yargs/-/yargs-4.8.1.tgz#c0c42924ca4aaa6b0e6da1739dfb216439f9ddc0"
  dependencies:
    cliui "^3.2.0"
    decamelize "^1.1.1"
    get-caller-file "^1.0.1"
    lodash.assign "^4.0.3"
    os-locale "^1.4.0"
    read-pkg-up "^1.0.1"
    require-directory "^2.1.1"
    require-main-filename "^1.0.1"
    set-blocking "^2.0.0"
    string-width "^1.0.1"
    which-module "^1.0.0"
    window-size "^0.2.0"
    y18n "^3.2.1"
    yargs-parser "^2.4.1"

zos-lib@^2.0.1:
  version "2.0.1"
  resolved "https://registry.yarnpkg.com/zos-lib/-/zos-lib-2.0.1.tgz#9566f631f4129c4104f3ca4f579c729ea031acce"
  dependencies:
    bignumber.js "^7.2.0"
    chalk "^2.4.1"
    ethereumjs-abi "^0.6.5"
    glob "^7.1.3"
    openzeppelin-solidity "~1.10.0"
    semver "^5.5.1"
    truffle-config "^1.0.6"
    truffle-contract "^3.0.6"
    truffle-flattener "^1.2.8"
    truffle-provisioner "^0.1.1"
    web3 "^0.18.4"
