
Microsoft Visual Studio Solution File, Format Version 12.00
# Visual Studio 15
VisualStudioVersion = 15.0.28010.2036
MinimumVisualStudioVersion = 10.0.40219.1
Project("{9A19103F-16F7-4668-BE54-9A1E7A4F7556}") = "TheApp", "TheApp\TheApp.csproj", "{222592D2-1C78-40DB-B37B-F1C62D8AE03F}"
EndProject
Project("{FAE04EC0-301F-11D3-BF4B-00C04F79EFBC}") = "TheApp.Android", "TheApp.Android\TheApp.Android.csproj", "{EC9878B3-B74D-45BB-B748-8271D14818B0}"
EndProject
Project("{FAE04EC0-301F-11D3-BF4B-00C04F79EFBC}") = "TheApp.iOS", "TheApp.iOS\TheApp.iOS.csproj", "{F452868A-F658-4460-B995-720C96F4E224}"
EndProject
Project("{FAE04EC0-301F-11D3-BF4B-00C04F79EFBC}") = "TheApp.UWP", "TheApp.UWP\TheApp.UWP.csproj", "{D4D496F9-2812-4FDA-9533-DDE3A52F542B}"
EndProject
Project("{9A19103F-16F7-4668-BE54-9A1E7A4F7556}") = "TheUtils", "..\TheUtils\TheUtils.csproj", "{87D7A2E2-5028-4129-949B-91AE326811CC}"
EndProject
Project("{2150E333-8FDC-42A3-9474-1A3956D46DE8}") = "Devices", "Devices", "{C1A5F3E8-CE23-4CEC-B350-FF325EC2FF3E}"
EndProject
Project("{9A19103F-16F7-4668-BE54-9A1E7A4F7556}") = "TheCoinCore", "..\TheCoinCore\ClientCS\src\TheCoinCore\TheCoinCore.csproj", "{880B1E28-20F8-4F6F-BFE8-2FF74912CB6C}"
EndProject
Project("{FAE04EC0-301F-11D3-BF4B-00C04F79EFBC}") = "Conversion.cs", "..\TheCoinUtilities\cs\Conversion.cs\Conversion.cs.csproj", "{E9FD2DC6-22D1-42A7-A7F6-3FDB82EB1CAB}"
EndProject
Project("{FAE04EC0-301F-11D3-BF4B-00C04F79EFBC}") = "TapCap.Client", "..\tapcap-manager\ClientCS\src\TapCap.Client\TapCap.Client.csproj", "{1308E73D-0051-4A64-9D29-911503B8F6C7}"
EndProject
Global
	GlobalSection(SolutionConfigurationPlatforms) = preSolution
		Ad-Hoc|Any CPU = Ad-Hoc|Any CPU
		Ad-Hoc|ARM = Ad-Hoc|ARM
		Ad-Hoc|iPhone = Ad-Hoc|iPhone
		Ad-Hoc|iPhoneSimulator = Ad-Hoc|iPhoneSimulator
		Ad-Hoc|x64 = Ad-Hoc|x64
		Ad-Hoc|x86 = Ad-Hoc|x86
		AppStore|Any CPU = AppStore|Any CPU
		AppStore|ARM = AppStore|ARM
		AppStore|iPhone = AppStore|iPhone
		AppStore|iPhoneSimulator = AppStore|iPhoneSimulator
		AppStore|x64 = AppStore|x64
		AppStore|x86 = AppStore|x86
		Debug|Any CPU = Debug|Any CPU
		Debug|ARM = Debug|ARM
		Debug|iPhone = Debug|iPhone
		Debug|iPhoneSimulator = Debug|iPhoneSimulator
		Debug|x64 = Debug|x64
		Debug|x86 = Debug|x86
		Release|Any CPU = Release|Any CPU
		Release|ARM = Release|ARM
		Release|iPhone = Release|iPhone
		Release|iPhoneSimulator = Release|iPhoneSimulator
		Release|x64 = Release|x64
		Release|x86 = Release|x86
	EndGlobalSection
	GlobalSection(ProjectConfigurationPlatforms) = postSolution
		{222592D2-1C78-40DB-B37B-F1C62D8AE03F}.Ad-Hoc|Any CPU.ActiveCfg = Debug|Any CPU
		{222592D2-1C78-40DB-B37B-F1C62D8AE03F}.Ad-Hoc|Any CPU.Build.0 = Debug|Any CPU
		{222592D2-1C78-40DB-B37B-F1C62D8AE03F}.Ad-Hoc|ARM.ActiveCfg = Debug|Any CPU
		{222592D2-1C78-40DB-B37B-F1C62D8AE03F}.Ad-Hoc|ARM.Build.0 = Debug|Any CPU
		{222592D2-1C78-40DB-B37B-F1C62D8AE03F}.Ad-Hoc|iPhone.ActiveCfg = Debug|Any CPU
		{222592D2-1C78-40DB-B37B-F1C62D8AE03F}.Ad-Hoc|iPhone.Build.0 = Debug|Any CPU
		{222592D2-1C78-40DB-B37B-F1C62D8AE03F}.Ad-Hoc|iPhoneSimulator.ActiveCfg = Debug|Any CPU
		{222592D2-1C78-40DB-B37B-F1C62D8AE03F}.Ad-Hoc|iPhoneSimulator.Build.0 = Debug|Any CPU
		{222592D2-1C78-40DB-B37B-F1C62D8AE03F}.Ad-Hoc|x64.ActiveCfg = Debug|Any CPU
		{222592D2-1C78-40DB-B37B-F1C62D8AE03F}.Ad-Hoc|x64.Build.0 = Debug|Any CPU
		{222592D2-1C78-40DB-B37B-F1C62D8AE03F}.Ad-Hoc|x86.ActiveCfg = Debug|Any CPU
		{222592D2-1C78-40DB-B37B-F1C62D8AE03F}.Ad-Hoc|x86.Build.0 = Debug|Any CPU
		{222592D2-1C78-40DB-B37B-F1C62D8AE03F}.AppStore|Any CPU.ActiveCfg = Debug|Any CPU
		{222592D2-1C78-40DB-B37B-F1C62D8AE03F}.AppStore|Any CPU.Build.0 = Debug|Any CPU
		{222592D2-1C78-40DB-B37B-F1C62D8AE03F}.AppStore|ARM.ActiveCfg = Debug|Any CPU
		{222592D2-1C78-40DB-B37B-F1C62D8AE03F}.AppStore|ARM.Build.0 = Debug|Any CPU
		{222592D2-1C78-40DB-B37B-F1C62D8AE03F}.AppStore|iPhone.ActiveCfg = Debug|Any CPU
		{222592D2-1C78-40DB-B37B-F1C62D8AE03F}.AppStore|iPhone.Build.0 = Debug|Any CPU
		{222592D2-1C78-40DB-B37B-F1C62D8AE03F}.AppStore|iPhoneSimulator.ActiveCfg = Debug|Any CPU
		{222592D2-1C78-40DB-B37B-F1C62D8AE03F}.AppStore|iPhoneSimulator.Build.0 = Debug|Any CPU
		{222592D2-1C78-40DB-B37B-F1C62D8AE03F}.AppStore|x64.ActiveCfg = Debug|Any CPU
		{222592D2-1C78-40DB-B37B-F1C62D8AE03F}.AppStore|x64.Build.0 = Debug|Any CPU
		{222592D2-1C78-40DB-B37B-F1C62D8AE03F}.AppStore|x86.ActiveCfg = Debug|Any CPU
		{222592D2-1C78-40DB-B37B-F1C62D8AE03F}.AppStore|x86.Build.0 = Debug|Any CPU
		{222592D2-1C78-40DB-B37B-F1C62D8AE03F}.Debug|Any CPU.ActiveCfg = Debug|Any CPU
		{222592D2-1C78-40DB-B37B-F1C62D8AE03F}.Debug|Any CPU.Build.0 = Debug|Any CPU
		{222592D2-1C78-40DB-B37B-F1C62D8AE03F}.Debug|ARM.ActiveCfg = Debug|Any CPU
		{222592D2-1C78-40DB-B37B-F1C62D8AE03F}.Debug|ARM.Build.0 = Debug|Any CPU
		{222592D2-1C78-40DB-B37B-F1C62D8AE03F}.Debug|iPhone.ActiveCfg = Debug|Any CPU
		{222592D2-1C78-40DB-B37B-F1C62D8AE03F}.Debug|iPhone.Build.0 = Debug|Any CPU
		{222592D2-1C78-40DB-B37B-F1C62D8AE03F}.Debug|iPhoneSimulator.ActiveCfg = Debug|Any CPU
		{222592D2-1C78-40DB-B37B-F1C62D8AE03F}.Debug|iPhoneSimulator.Build.0 = Debug|Any CPU
		{222592D2-1C78-40DB-B37B-F1C62D8AE03F}.Debug|x64.ActiveCfg = Debug|Any CPU
		{222592D2-1C78-40DB-B37B-F1C62D8AE03F}.Debug|x64.Build.0 = Debug|Any CPU
		{222592D2-1C78-40DB-B37B-F1C62D8AE03F}.Debug|x86.ActiveCfg = Debug|Any CPU
		{222592D2-1C78-40DB-B37B-F1C62D8AE03F}.Debug|x86.Build.0 = Debug|Any CPU
		{222592D2-1C78-40DB-B37B-F1C62D8AE03F}.Release|Any CPU.ActiveCfg = Release|Any CPU
		{222592D2-1C78-40DB-B37B-F1C62D8AE03F}.Release|Any CPU.Build.0 = Release|Any CPU
		{222592D2-1C78-40DB-B37B-F1C62D8AE03F}.Release|ARM.ActiveCfg = Release|Any CPU
		{222592D2-1C78-40DB-B37B-F1C62D8AE03F}.Release|ARM.Build.0 = Release|Any CPU
		{222592D2-1C78-40DB-B37B-F1C62D8AE03F}.Release|iPhone.ActiveCfg = Release|Any CPU
		{222592D2-1C78-40DB-B37B-F1C62D8AE03F}.Release|iPhone.Build.0 = Release|Any CPU
		{222592D2-1C78-40DB-B37B-F1C62D8AE03F}.Release|iPhoneSimulator.ActiveCfg = Release|Any CPU
		{222592D2-1C78-40DB-B37B-F1C62D8AE03F}.Release|iPhoneSimulator.Build.0 = Release|Any CPU
		{222592D2-1C78-40DB-B37B-F1C62D8AE03F}.Release|x64.ActiveCfg = Release|Any CPU
		{222592D2-1C78-40DB-B37B-F1C62D8AE03F}.Release|x64.Build.0 = Release|Any CPU
		{222592D2-1C78-40DB-B37B-F1C62D8AE03F}.Release|x86.ActiveCfg = Release|Any CPU
		{222592D2-1C78-40DB-B37B-F1C62D8AE03F}.Release|x86.Build.0 = Release|Any CPU
		{EC9878B3-B74D-45BB-B748-8271D14818B0}.Ad-Hoc|Any CPU.ActiveCfg = Release|Any CPU
		{EC9878B3-B74D-45BB-B748-8271D14818B0}.Ad-Hoc|Any CPU.Build.0 = Release|Any CPU
		{EC9878B3-B74D-45BB-B748-8271D14818B0}.Ad-Hoc|Any CPU.Deploy.0 = Release|Any CPU
		{EC9878B3-B74D-45BB-B748-8271D14818B0}.Ad-Hoc|ARM.ActiveCfg = Release|Any CPU
		{EC9878B3-B74D-45BB-B748-8271D14818B0}.Ad-Hoc|ARM.Build.0 = Release|Any CPU
		{EC9878B3-B74D-45BB-B748-8271D14818B0}.Ad-Hoc|ARM.Deploy.0 = Release|Any CPU
		{EC9878B3-B74D-45BB-B748-8271D14818B0}.Ad-Hoc|iPhone.ActiveCfg = Release|Any CPU
		{EC9878B3-B74D-45BB-B748-8271D14818B0}.Ad-Hoc|iPhone.Build.0 = Release|Any CPU
		{EC9878B3-B74D-45BB-B748-8271D14818B0}.Ad-Hoc|iPhone.Deploy.0 = Release|Any CPU
		{EC9878B3-B74D-45BB-B748-8271D14818B0}.Ad-Hoc|iPhoneSimulator.ActiveCfg = Release|Any CPU
		{EC9878B3-B74D-45BB-B748-8271D14818B0}.Ad-Hoc|iPhoneSimulator.Build.0 = Release|Any CPU
		{EC9878B3-B74D-45BB-B748-8271D14818B0}.Ad-Hoc|iPhoneSimulator.Deploy.0 = Release|Any CPU
		{EC9878B3-B74D-45BB-B748-8271D14818B0}.Ad-Hoc|x64.ActiveCfg = Release|Any CPU
		{EC9878B3-B74D-45BB-B748-8271D14818B0}.Ad-Hoc|x64.Build.0 = Release|Any CPU
		{EC9878B3-B74D-45BB-B748-8271D14818B0}.Ad-Hoc|x64.Deploy.0 = Release|Any CPU
		{EC9878B3-B74D-45BB-B748-8271D14818B0}.Ad-Hoc|x86.ActiveCfg = Release|Any CPU
		{EC9878B3-B74D-45BB-B748-8271D14818B0}.Ad-Hoc|x86.Build.0 = Release|Any CPU
		{EC9878B3-B74D-45BB-B748-8271D14818B0}.Ad-Hoc|x86.Deploy.0 = Release|Any CPU
		{EC9878B3-B74D-45BB-B748-8271D14818B0}.AppStore|Any CPU.ActiveCfg = Release|Any CPU
		{EC9878B3-B74D-45BB-B748-8271D14818B0}.AppStore|Any CPU.Build.0 = Release|Any CPU
		{EC9878B3-B74D-45BB-B748-8271D14818B0}.AppStore|Any CPU.Deploy.0 = Release|Any CPU
		{EC9878B3-B74D-45BB-B748-8271D14818B0}.AppStore|ARM.ActiveCfg = Release|Any CPU
		{EC9878B3-B74D-45BB-B748-8271D14818B0}.AppStore|ARM.Build.0 = Release|Any CPU
		{EC9878B3-B74D-45BB-B748-8271D14818B0}.AppStore|ARM.Deploy.0 = Release|Any CPU
		{EC9878B3-B74D-45BB-B748-8271D14818B0}.AppStore|iPhone.ActiveCfg = Release|Any CPU
		{EC9878B3-B74D-45BB-B748-8271D14818B0}.AppStore|iPhone.Build.0 = Release|Any CPU
		{EC9878B3-B74D-45BB-B748-8271D14818B0}.AppStore|iPhone.Deploy.0 = Release|Any CPU
		{EC9878B3-B74D-45BB-B748-8271D14818B0}.AppStore|iPhoneSimulator.ActiveCfg = Release|Any CPU
		{EC9878B3-B74D-45BB-B748-8271D14818B0}.AppStore|iPhoneSimulator.Build.0 = Release|Any CPU
		{EC9878B3-B74D-45BB-B748-8271D14818B0}.AppStore|iPhoneSimulator.Deploy.0 = Release|Any CPU
		{EC9878B3-B74D-45BB-B748-8271D14818B0}.AppStore|x64.ActiveCfg = Release|Any CPU
		{EC9878B3-B74D-45BB-B748-8271D14818B0}.AppStore|x64.Build.0 = Release|Any CPU
		{EC9878B3-B74D-45BB-B748-8271D14818B0}.AppStore|x64.Deploy.0 = Release|Any CPU
		{EC9878B3-B74D-45BB-B748-8271D14818B0}.AppStore|x86.ActiveCfg = Release|Any CPU
		{EC9878B3-B74D-45BB-B748-8271D14818B0}.AppStore|x86.Build.0 = Release|Any CPU
		{EC9878B3-B74D-45BB-B748-8271D14818B0}.AppStore|x86.Deploy.0 = Release|Any CPU
		{EC9878B3-B74D-45BB-B748-8271D14818B0}.Debug|Any CPU.ActiveCfg = Debug|Any CPU
		{EC9878B3-B74D-45BB-B748-8271D14818B0}.Debug|Any CPU.Build.0 = Debug|Any CPU
		{EC9878B3-B74D-45BB-B748-8271D14818B0}.Debug|Any CPU.Deploy.0 = Debug|Any CPU
		{EC9878B3-B74D-45BB-B748-8271D14818B0}.Debug|ARM.ActiveCfg = Debug|Any CPU
		{EC9878B3-B74D-45BB-B748-8271D14818B0}.Debug|ARM.Build.0 = Debug|Any CPU
		{EC9878B3-B74D-45BB-B748-8271D14818B0}.Debug|ARM.Deploy.0 = Debug|Any CPU
		{EC9878B3-B74D-45BB-B748-8271D14818B0}.Debug|iPhone.ActiveCfg = Debug|Any CPU
		{EC9878B3-B74D-45BB-B748-8271D14818B0}.Debug|iPhone.Build.0 = Debug|Any CPU
		{EC9878B3-B74D-45BB-B748-8271D14818B0}.Debug|iPhone.Deploy.0 = Debug|Any CPU
		{EC9878B3-B74D-45BB-B748-8271D14818B0}.Debug|iPhoneSimulator.ActiveCfg = Debug|Any CPU
		{EC9878B3-B74D-45BB-B748-8271D14818B0}.Debug|iPhoneSimulator.Build.0 = Debug|Any CPU
		{EC9878B3-B74D-45BB-B748-8271D14818B0}.Debug|iPhoneSimulator.Deploy.0 = Debug|Any CPU
		{EC9878B3-B74D-45BB-B748-8271D14818B0}.Debug|x64.ActiveCfg = Debug|Any CPU
		{EC9878B3-B74D-45BB-B748-8271D14818B0}.Debug|x64.Build.0 = Debug|Any CPU
		{EC9878B3-B74D-45BB-B748-8271D14818B0}.Debug|x64.Deploy.0 = Debug|Any CPU
		{EC9878B3-B74D-45BB-B748-8271D14818B0}.Debug|x86.ActiveCfg = Debug|Any CPU
		{EC9878B3-B74D-45BB-B748-8271D14818B0}.Debug|x86.Build.0 = Debug|Any CPU
		{EC9878B3-B74D-45BB-B748-8271D14818B0}.Debug|x86.Deploy.0 = Debug|Any CPU
		{EC9878B3-B74D-45BB-B748-8271D14818B0}.Release|Any CPU.ActiveCfg = Release|Any CPU
		{EC9878B3-B74D-45BB-B748-8271D14818B0}.Release|Any CPU.Build.0 = Release|Any CPU
		{EC9878B3-B74D-45BB-B748-8271D14818B0}.Release|Any CPU.Deploy.0 = Release|Any CPU
		{EC9878B3-B74D-45BB-B748-8271D14818B0}.Release|ARM.ActiveCfg = Release|Any CPU
		{EC9878B3-B74D-45BB-B748-8271D14818B0}.Release|ARM.Build.0 = Release|Any CPU
		{EC9878B3-B74D-45BB-B748-8271D14818B0}.Release|ARM.Deploy.0 = Release|Any CPU
		{EC9878B3-B74D-45BB-B748-8271D14818B0}.Release|iPhone.ActiveCfg = Release|Any CPU
		{EC9878B3-B74D-45BB-B748-8271D14818B0}.Release|iPhone.Build.0 = Release|Any CPU
		{EC9878B3-B74D-45BB-B748-8271D14818B0}.Release|iPhone.Deploy.0 = Release|Any CPU
		{EC9878B3-B74D-45BB-B748-8271D14818B0}.Release|iPhoneSimulator.ActiveCfg = Release|Any CPU
		{EC9878B3-B74D-45BB-B748-8271D14818B0}.Release|iPhoneSimulator.Build.0 = Release|Any CPU
		{EC9878B3-B74D-45BB-B748-8271D14818B0}.Release|iPhoneSimulator.Deploy.0 = Release|Any CPU
		{EC9878B3-B74D-45BB-B748-8271D14818B0}.Release|x64.ActiveCfg = Release|Any CPU
		{EC9878B3-B74D-45BB-B748-8271D14818B0}.Release|x64.Build.0 = Release|Any CPU
		{EC9878B3-B74D-45BB-B748-8271D14818B0}.Release|x64.Deploy.0 = Release|Any CPU
		{EC9878B3-B74D-45BB-B748-8271D14818B0}.Release|x86.ActiveCfg = Release|Any CPU
		{EC9878B3-B74D-45BB-B748-8271D14818B0}.Release|x86.Build.0 = Release|Any CPU
		{EC9878B3-B74D-45BB-B748-8271D14818B0}.Release|x86.Deploy.0 = Release|Any CPU
		{F452868A-F658-4460-B995-720C96F4E224}.Ad-Hoc|Any CPU.ActiveCfg = Ad-Hoc|iPhone
		{F452868A-F658-4460-B995-720C96F4E224}.Ad-Hoc|ARM.ActiveCfg = Ad-Hoc|iPhone
		{F452868A-F658-4460-B995-720C96F4E224}.Ad-Hoc|iPhone.ActiveCfg = Ad-Hoc|iPhone
		{F452868A-F658-4460-B995-720C96F4E224}.Ad-Hoc|iPhone.Build.0 = Ad-Hoc|iPhone
		{F452868A-F658-4460-B995-720C96F4E224}.Ad-Hoc|iPhoneSimulator.ActiveCfg = Ad-Hoc|iPhoneSimulator
		{F452868A-F658-4460-B995-720C96F4E224}.Ad-Hoc|iPhoneSimulator.Build.0 = Ad-Hoc|iPhoneSimulator
		{F452868A-F658-4460-B995-720C96F4E224}.Ad-Hoc|x64.ActiveCfg = Ad-Hoc|iPhone
		{F452868A-F658-4460-B995-720C96F4E224}.Ad-Hoc|x86.ActiveCfg = Ad-Hoc|iPhone
		{F452868A-F658-4460-B995-720C96F4E224}.AppStore|Any CPU.ActiveCfg = AppStore|iPhone
		{F452868A-F658-4460-B995-720C96F4E224}.AppStore|ARM.ActiveCfg = AppStore|iPhone
		{F452868A-F658-4460-B995-720C96F4E224}.AppStore|iPhone.ActiveCfg = AppStore|iPhone
		{F452868A-F658-4460-B995-720C96F4E224}.AppStore|iPhone.Build.0 = AppStore|iPhone
		{F452868A-F658-4460-B995-720C96F4E224}.AppStore|iPhoneSimulator.ActiveCfg = AppStore|iPhoneSimulator
		{F452868A-F658-4460-B995-720C96F4E224}.AppStore|iPhoneSimulator.Build.0 = AppStore|iPhoneSimulator
		{F452868A-F658-4460-B995-720C96F4E224}.AppStore|x64.ActiveCfg = AppStore|iPhone
		{F452868A-F658-4460-B995-720C96F4E224}.AppStore|x86.ActiveCfg = AppStore|iPhone
		{F452868A-F658-4460-B995-720C96F4E224}.Debug|Any CPU.ActiveCfg = Debug|iPhone
		{F452868A-F658-4460-B995-720C96F4E224}.Debug|ARM.ActiveCfg = Debug|iPhone
		{F452868A-F658-4460-B995-720C96F4E224}.Debug|iPhone.ActiveCfg = Debug|iPhone
		{F452868A-F658-4460-B995-720C96F4E224}.Debug|iPhone.Build.0 = Debug|iPhone
		{F452868A-F658-4460-B995-720C96F4E224}.Debug|iPhoneSimulator.ActiveCfg = Debug|iPhoneSimulator
		{F452868A-F658-4460-B995-720C96F4E224}.Debug|iPhoneSimulator.Build.0 = Debug|iPhoneSimulator
		{F452868A-F658-4460-B995-720C96F4E224}.Debug|x64.ActiveCfg = Debug|iPhone
		{F452868A-F658-4460-B995-720C96F4E224}.Debug|x86.ActiveCfg = Debug|iPhone
		{F452868A-F658-4460-B995-720C96F4E224}.Release|Any CPU.ActiveCfg = Release|iPhone
		{F452868A-F658-4460-B995-720C96F4E224}.Release|ARM.ActiveCfg = Release|iPhone
		{F452868A-F658-4460-B995-720C96F4E224}.Release|iPhone.ActiveCfg = Release|iPhone
		{F452868A-F658-4460-B995-720C96F4E224}.Release|iPhone.Build.0 = Release|iPhone
		{F452868A-F658-4460-B995-720C96F4E224}.Release|iPhoneSimulator.ActiveCfg = Release|iPhoneSimulator
		{F452868A-F658-4460-B995-720C96F4E224}.Release|iPhoneSimulator.Build.0 = Release|iPhoneSimulator
		{F452868A-F658-4460-B995-720C96F4E224}.Release|x64.ActiveCfg = Release|iPhone
		{F452868A-F658-4460-B995-720C96F4E224}.Release|x86.ActiveCfg = Release|iPhone
		{D4D496F9-2812-4FDA-9533-DDE3A52F542B}.Ad-Hoc|Any CPU.ActiveCfg = Release|x86
		{D4D496F9-2812-4FDA-9533-DDE3A52F542B}.Ad-Hoc|Any CPU.Build.0 = Release|x86
		{D4D496F9-2812-4FDA-9533-DDE3A52F542B}.Ad-Hoc|Any CPU.Deploy.0 = Release|x86
		{D4D496F9-2812-4FDA-9533-DDE3A52F542B}.Ad-Hoc|ARM.ActiveCfg = Release|ARM
		{D4D496F9-2812-4FDA-9533-DDE3A52F542B}.Ad-Hoc|ARM.Build.0 = Release|ARM
		{D4D496F9-2812-4FDA-9533-DDE3A52F542B}.Ad-Hoc|ARM.Deploy.0 = Release|ARM
		{D4D496F9-2812-4FDA-9533-DDE3A52F542B}.Ad-Hoc|iPhone.ActiveCfg = Release|x86
		{D4D496F9-2812-4FDA-9533-DDE3A52F542B}.Ad-Hoc|iPhone.Build.0 = Release|x86
		{D4D496F9-2812-4FDA-9533-DDE3A52F542B}.Ad-Hoc|iPhone.Deploy.0 = Release|x86
		{D4D496F9-2812-4FDA-9533-DDE3A52F542B}.Ad-Hoc|iPhoneSimulator.ActiveCfg = Release|x86
		{D4D496F9-2812-4FDA-9533-DDE3A52F542B}.Ad-Hoc|iPhoneSimulator.Build.0 = Release|x86
		{D4D496F9-2812-4FDA-9533-DDE3A52F542B}.Ad-Hoc|iPhoneSimulator.Deploy.0 = Release|x86
		{D4D496F9-2812-4FDA-9533-DDE3A52F542B}.Ad-Hoc|x64.ActiveCfg = Release|x64
		{D4D496F9-2812-4FDA-9533-DDE3A52F542B}.Ad-Hoc|x64.Build.0 = Release|x64
		{D4D496F9-2812-4FDA-9533-DDE3A52F542B}.Ad-Hoc|x64.Deploy.0 = Release|x64
		{D4D496F9-2812-4FDA-9533-DDE3A52F542B}.Ad-Hoc|x86.ActiveCfg = Release|x86
		{D4D496F9-2812-4FDA-9533-DDE3A52F542B}.Ad-Hoc|x86.Build.0 = Release|x86
		{D4D496F9-2812-4FDA-9533-DDE3A52F542B}.Ad-Hoc|x86.Deploy.0 = Release|x86
		{D4D496F9-2812-4FDA-9533-DDE3A52F542B}.AppStore|Any CPU.ActiveCfg = Release|x86
		{D4D496F9-2812-4FDA-9533-DDE3A52F542B}.AppStore|Any CPU.Build.0 = Release|x86
		{D4D496F9-2812-4FDA-9533-DDE3A52F542B}.AppStore|Any CPU.Deploy.0 = Release|x86
		{D4D496F9-2812-4FDA-9533-DDE3A52F542B}.AppStore|ARM.ActiveCfg = Release|ARM
		{D4D496F9-2812-4FDA-9533-DDE3A52F542B}.AppStore|ARM.Build.0 = Release|ARM
		{D4D496F9-2812-4FDA-9533-DDE3A52F542B}.AppStore|ARM.Deploy.0 = Release|ARM
		{D4D496F9-2812-4FDA-9533-DDE3A52F542B}.AppStore|iPhone.ActiveCfg = Release|x86
		{D4D496F9-2812-4FDA-9533-DDE3A52F542B}.AppStore|iPhone.Build.0 = Release|x86
		{D4D496F9-2812-4FDA-9533-DDE3A52F542B}.AppStore|iPhone.Deploy.0 = Release|x86
		{D4D496F9-2812-4FDA-9533-DDE3A52F542B}.AppStore|iPhoneSimulator.ActiveCfg = Release|x86
		{D4D496F9-2812-4FDA-9533-DDE3A52F542B}.AppStore|iPhoneSimulator.Build.0 = Release|x86
		{D4D496F9-2812-4FDA-9533-DDE3A52F542B}.AppStore|iPhoneSimulator.Deploy.0 = Release|x86
		{D4D496F9-2812-4FDA-9533-DDE3A52F542B}.AppStore|x64.ActiveCfg = Release|x64
		{D4D496F9-2812-4FDA-9533-DDE3A52F542B}.AppStore|x64.Build.0 = Release|x64
		{D4D496F9-2812-4FDA-9533-DDE3A52F542B}.AppStore|x64.Deploy.0 = Release|x64
		{D4D496F9-2812-4FDA-9533-DDE3A52F542B}.AppStore|x86.ActiveCfg = Release|x86
		{D4D496F9-2812-4FDA-9533-DDE3A52F542B}.AppStore|x86.Build.0 = Release|x86
		{D4D496F9-2812-4FDA-9533-DDE3A52F542B}.AppStore|x86.Deploy.0 = Release|x86
		{D4D496F9-2812-4FDA-9533-DDE3A52F542B}.Debug|Any CPU.ActiveCfg = Debug|x86
		{D4D496F9-2812-4FDA-9533-DDE3A52F542B}.Debug|ARM.ActiveCfg = Debug|ARM
		{D4D496F9-2812-4FDA-9533-DDE3A52F542B}.Debug|ARM.Build.0 = Debug|ARM
		{D4D496F9-2812-4FDA-9533-DDE3A52F542B}.Debug|ARM.Deploy.0 = Debug|ARM
		{D4D496F9-2812-4FDA-9533-DDE3A52F542B}.Debug|iPhone.ActiveCfg = Debug|x86
		{D4D496F9-2812-4FDA-9533-DDE3A52F542B}.Debug|iPhoneSimulator.ActiveCfg = Debug|x86
		{D4D496F9-2812-4FDA-9533-DDE3A52F542B}.Debug|x64.ActiveCfg = Debug|x64
		{D4D496F9-2812-4FDA-9533-DDE3A52F542B}.Debug|x64.Build.0 = Debug|x64
		{D4D496F9-2812-4FDA-9533-DDE3A52F542B}.Debug|x64.Deploy.0 = Debug|x64
		{D4D496F9-2812-4FDA-9533-DDE3A52F542B}.Debug|x86.ActiveCfg = Debug|x86
		{D4D496F9-2812-4FDA-9533-DDE3A52F542B}.Debug|x86.Build.0 = Debug|x86
		{D4D496F9-2812-4FDA-9533-DDE3A52F542B}.Debug|x86.Deploy.0 = Debug|x86
		{D4D496F9-2812-4FDA-9533-DDE3A52F542B}.Release|Any CPU.ActiveCfg = Release|x86
		{D4D496F9-2812-4FDA-9533-DDE3A52F542B}.Release|ARM.ActiveCfg = Release|ARM
		{D4D496F9-2812-4FDA-9533-DDE3A52F542B}.Release|ARM.Build.0 = Release|ARM
		{D4D496F9-2812-4FDA-9533-DDE3A52F542B}.Release|ARM.Deploy.0 = Release|ARM
		{D4D496F9-2812-4FDA-9533-DDE3A52F542B}.Release|iPhone.ActiveCfg = Release|x86
		{D4D496F9-2812-4FDA-9533-DDE3A52F542B}.Release|iPhoneSimulator.ActiveCfg = Release|x86
		{D4D496F9-2812-4FDA-9533-DDE3A52F542B}.Release|x64.ActiveCfg = Release|x64
		{D4D496F9-2812-4FDA-9533-DDE3A52F542B}.Release|x64.Build.0 = Release|x64
		{D4D496F9-2812-4FDA-9533-DDE3A52F542B}.Release|x64.Deploy.0 = Release|x64
		{D4D496F9-2812-4FDA-9533-DDE3A52F542B}.Release|x86.ActiveCfg = Release|x86
		{D4D496F9-2812-4FDA-9533-DDE3A52F542B}.Release|x86.Build.0 = Release|x86
		{D4D496F9-2812-4FDA-9533-DDE3A52F542B}.Release|x86.Deploy.0 = Release|x86
		{87D7A2E2-5028-4129-949B-91AE326811CC}.Ad-Hoc|Any CPU.ActiveCfg = Debug|Any CPU
		{87D7A2E2-5028-4129-949B-91AE326811CC}.Ad-Hoc|Any CPU.Build.0 = Debug|Any CPU
		{87D7A2E2-5028-4129-949B-91AE326811CC}.Ad-Hoc|ARM.ActiveCfg = Debug|Any CPU
		{87D7A2E2-5028-4129-949B-91AE326811CC}.Ad-Hoc|ARM.Build.0 = Debug|Any CPU
		{87D7A2E2-5028-4129-949B-91AE326811CC}.Ad-Hoc|iPhone.ActiveCfg = Debug|Any CPU
		{87D7A2E2-5028-4129-949B-91AE326811CC}.Ad-Hoc|iPhone.Build.0 = Debug|Any CPU
		{87D7A2E2-5028-4129-949B-91AE326811CC}.Ad-Hoc|iPhoneSimulator.ActiveCfg = Debug|Any CPU
		{87D7A2E2-5028-4129-949B-91AE326811CC}.Ad-Hoc|iPhoneSimulator.Build.0 = Debug|Any CPU
		{87D7A2E2-5028-4129-949B-91AE326811CC}.Ad-Hoc|x64.ActiveCfg = Debug|Any CPU
		{87D7A2E2-5028-4129-949B-91AE326811CC}.Ad-Hoc|x64.Build.0 = Debug|Any CPU
		{87D7A2E2-5028-4129-949B-91AE326811CC}.Ad-Hoc|x86.ActiveCfg = Debug|Any CPU
		{87D7A2E2-5028-4129-949B-91AE326811CC}.Ad-Hoc|x86.Build.0 = Debug|Any CPU
		{87D7A2E2-5028-4129-949B-91AE326811CC}.AppStore|Any CPU.ActiveCfg = Debug|Any CPU
		{87D7A2E2-5028-4129-949B-91AE326811CC}.AppStore|Any CPU.Build.0 = Debug|Any CPU
		{87D7A2E2-5028-4129-949B-91AE326811CC}.AppStore|ARM.ActiveCfg = Debug|Any CPU
		{87D7A2E2-5028-4129-949B-91AE326811CC}.AppStore|ARM.Build.0 = Debug|Any CPU
		{87D7A2E2-5028-4129-949B-91AE326811CC}.AppStore|iPhone.ActiveCfg = Debug|Any CPU
		{87D7A2E2-5028-4129-949B-91AE326811CC}.AppStore|iPhone.Build.0 = Debug|Any CPU
		{87D7A2E2-5028-4129-949B-91AE326811CC}.AppStore|iPhoneSimulator.ActiveCfg = Debug|Any CPU
		{87D7A2E2-5028-4129-949B-91AE326811CC}.AppStore|iPhoneSimulator.Build.0 = Debug|Any CPU
		{87D7A2E2-5028-4129-949B-91AE326811CC}.AppStore|x64.ActiveCfg = Debug|Any CPU
		{87D7A2E2-5028-4129-949B-91AE326811CC}.AppStore|x64.Build.0 = Debug|Any CPU
		{87D7A2E2-5028-4129-949B-91AE326811CC}.AppStore|x86.ActiveCfg = Debug|Any CPU
		{87D7A2E2-5028-4129-949B-91AE326811CC}.AppStore|x86.Build.0 = Debug|Any CPU
		{87D7A2E2-5028-4129-949B-91AE326811CC}.Debug|Any CPU.ActiveCfg = Debug|Any CPU
		{87D7A2E2-5028-4129-949B-91AE326811CC}.Debug|Any CPU.Build.0 = Debug|Any CPU
		{87D7A2E2-5028-4129-949B-91AE326811CC}.Debug|ARM.ActiveCfg = Debug|Any CPU
		{87D7A2E2-5028-4129-949B-91AE326811CC}.Debug|ARM.Build.0 = Debug|Any CPU
		{87D7A2E2-5028-4129-949B-91AE326811CC}.Debug|iPhone.ActiveCfg = Debug|Any CPU
		{87D7A2E2-5028-4129-949B-91AE326811CC}.Debug|iPhone.Build.0 = Debug|Any CPU
		{87D7A2E2-5028-4129-949B-91AE326811CC}.Debug|iPhoneSimulator.ActiveCfg = Debug|Any CPU
		{87D7A2E2-5028-4129-949B-91AE326811CC}.Debug|iPhoneSimulator.Build.0 = Debug|Any CPU
		{87D7A2E2-5028-4129-949B-91AE326811CC}.Debug|x64.ActiveCfg = Debug|Any CPU
		{87D7A2E2-5028-4129-949B-91AE326811CC}.Debug|x64.Build.0 = Debug|Any CPU
		{87D7A2E2-5028-4129-949B-91AE326811CC}.Debug|x86.ActiveCfg = Debug|Any CPU
		{87D7A2E2-5028-4129-949B-91AE326811CC}.Debug|x86.Build.0 = Debug|Any CPU
		{87D7A2E2-5028-4129-949B-91AE326811CC}.Release|Any CPU.ActiveCfg = Release|Any CPU
		{87D7A2E2-5028-4129-949B-91AE326811CC}.Release|Any CPU.Build.0 = Release|Any CPU
		{87D7A2E2-5028-4129-949B-91AE326811CC}.Release|ARM.ActiveCfg = Release|Any CPU
		{87D7A2E2-5028-4129-949B-91AE326811CC}.Release|ARM.Build.0 = Release|Any CPU
		{87D7A2E2-5028-4129-949B-91AE326811CC}.Release|iPhone.ActiveCfg = Release|Any CPU
		{87D7A2E2-5028-4129-949B-91AE326811CC}.Release|iPhone.Build.0 = Release|Any CPU
		{87D7A2E2-5028-4129-949B-91AE326811CC}.Release|iPhoneSimulator.ActiveCfg = Release|Any CPU
		{87D7A2E2-5028-4129-949B-91AE326811CC}.Release|iPhoneSimulator.Build.0 = Release|Any CPU
		{87D7A2E2-5028-4129-949B-91AE326811CC}.Release|x64.ActiveCfg = Release|Any CPU
		{87D7A2E2-5028-4129-949B-91AE326811CC}.Release|x64.Build.0 = Release|Any CPU
		{87D7A2E2-5028-4129-949B-91AE326811CC}.Release|x86.ActiveCfg = Release|Any CPU
		{87D7A2E2-5028-4129-949B-91AE326811CC}.Release|x86.Build.0 = Release|Any CPU
		{880B1E28-20F8-4F6F-BFE8-2FF74912CB6C}.Ad-Hoc|Any CPU.ActiveCfg = Debug|Any CPU
		{880B1E28-20F8-4F6F-BFE8-2FF74912CB6C}.Ad-Hoc|Any CPU.Build.0 = Debug|Any CPU
		{880B1E28-20F8-4F6F-BFE8-2FF74912CB6C}.Ad-Hoc|ARM.ActiveCfg = Debug|Any CPU
		{880B1E28-20F8-4F6F-BFE8-2FF74912CB6C}.Ad-Hoc|ARM.Build.0 = Debug|Any CPU
		{880B1E28-20F8-4F6F-BFE8-2FF74912CB6C}.Ad-Hoc|iPhone.ActiveCfg = Debug|Any CPU
		{880B1E28-20F8-4F6F-BFE8-2FF74912CB6C}.Ad-Hoc|iPhone.Build.0 = Debug|Any CPU
		{880B1E28-20F8-4F6F-BFE8-2FF74912CB6C}.Ad-Hoc|iPhoneSimulator.ActiveCfg = Debug|Any CPU
		{880B1E28-20F8-4F6F-BFE8-2FF74912CB6C}.Ad-Hoc|iPhoneSimulator.Build.0 = Debug|Any CPU
		{880B1E28-20F8-4F6F-BFE8-2FF74912CB6C}.Ad-Hoc|x64.ActiveCfg = Debug|Any CPU
		{880B1E28-20F8-4F6F-BFE8-2FF74912CB6C}.Ad-Hoc|x64.Build.0 = Debug|Any CPU
		{880B1E28-20F8-4F6F-BFE8-2FF74912CB6C}.Ad-Hoc|x86.ActiveCfg = Debug|Any CPU
		{880B1E28-20F8-4F6F-BFE8-2FF74912CB6C}.Ad-Hoc|x86.Build.0 = Debug|Any CPU
		{880B1E28-20F8-4F6F-BFE8-2FF74912CB6C}.AppStore|Any CPU.ActiveCfg = Debug|Any CPU
		{880B1E28-20F8-4F6F-BFE8-2FF74912CB6C}.AppStore|Any CPU.Build.0 = Debug|Any CPU
		{880B1E28-20F8-4F6F-BFE8-2FF74912CB6C}.AppStore|ARM.ActiveCfg = Debug|Any CPU
		{880B1E28-20F8-4F6F-BFE8-2FF74912CB6C}.AppStore|ARM.Build.0 = Debug|Any CPU
		{880B1E28-20F8-4F6F-BFE8-2FF74912CB6C}.AppStore|iPhone.ActiveCfg = Debug|Any CPU
		{880B1E28-20F8-4F6F-BFE8-2FF74912CB6C}.AppStore|iPhone.Build.0 = Debug|Any CPU
		{880B1E28-20F8-4F6F-BFE8-2FF74912CB6C}.AppStore|iPhoneSimulator.ActiveCfg = Debug|Any CPU
		{880B1E28-20F8-4F6F-BFE8-2FF74912CB6C}.AppStore|iPhoneSimulator.Build.0 = Debug|Any CPU
		{880B1E28-20F8-4F6F-BFE8-2FF74912CB6C}.AppStore|x64.ActiveCfg = Debug|Any CPU
		{880B1E28-20F8-4F6F-BFE8-2FF74912CB6C}.AppStore|x64.Build.0 = Debug|Any CPU
		{880B1E28-20F8-4F6F-BFE8-2FF74912CB6C}.AppStore|x86.ActiveCfg = Debug|Any CPU
		{880B1E28-20F8-4F6F-BFE8-2FF74912CB6C}.AppStore|x86.Build.0 = Debug|Any CPU
		{880B1E28-20F8-4F6F-BFE8-2FF74912CB6C}.Debug|Any CPU.ActiveCfg = Debug|Any CPU
		{880B1E28-20F8-4F6F-BFE8-2FF74912CB6C}.Debug|Any CPU.Build.0 = Debug|Any CPU
		{880B1E28-20F8-4F6F-BFE8-2FF74912CB6C}.Debug|ARM.ActiveCfg = Debug|Any CPU
		{880B1E28-20F8-4F6F-BFE8-2FF74912CB6C}.Debug|ARM.Build.0 = Debug|Any CPU
		{880B1E28-20F8-4F6F-BFE8-2FF74912CB6C}.Debug|iPhone.ActiveCfg = Debug|Any CPU
		{880B1E28-20F8-4F6F-BFE8-2FF74912CB6C}.Debug|iPhone.Build.0 = Debug|Any CPU
		{880B1E28-20F8-4F6F-BFE8-2FF74912CB6C}.Debug|iPhoneSimulator.ActiveCfg = Debug|Any CPU
		{880B1E28-20F8-4F6F-BFE8-2FF74912CB6C}.Debug|iPhoneSimulator.Build.0 = Debug|Any CPU
		{880B1E28-20F8-4F6F-BFE8-2FF74912CB6C}.Debug|x64.ActiveCfg = Debug|Any CPU
		{880B1E28-20F8-4F6F-BFE8-2FF74912CB6C}.Debug|x64.Build.0 = Debug|Any CPU
		{880B1E28-20F8-4F6F-BFE8-2FF74912CB6C}.Debug|x86.ActiveCfg = Debug|Any CPU
		{880B1E28-20F8-4F6F-BFE8-2FF74912CB6C}.Debug|x86.Build.0 = Debug|Any CPU
		{880B1E28-20F8-4F6F-BFE8-2FF74912CB6C}.Release|Any CPU.ActiveCfg = Release|Any CPU
		{880B1E28-20F8-4F6F-BFE8-2FF74912CB6C}.Release|Any CPU.Build.0 = Release|Any CPU
		{880B1E28-20F8-4F6F-BFE8-2FF74912CB6C}.Release|ARM.ActiveCfg = Release|Any CPU
		{880B1E28-20F8-4F6F-BFE8-2FF74912CB6C}.Release|ARM.Build.0 = Release|Any CPU
		{880B1E28-20F8-4F6F-BFE8-2FF74912CB6C}.Release|iPhone.ActiveCfg = Release|Any CPU
		{880B1E28-20F8-4F6F-BFE8-2FF74912CB6C}.Release|iPhone.Build.0 = Release|Any CPU
		{880B1E28-20F8-4F6F-BFE8-2FF74912CB6C}.Release|iPhoneSimulator.ActiveCfg = Release|Any CPU
		{880B1E28-20F8-4F6F-BFE8-2FF74912CB6C}.Release|iPhoneSimulator.Build.0 = Release|Any CPU
		{880B1E28-20F8-4F6F-BFE8-2FF74912CB6C}.Release|x64.ActiveCfg = Release|Any CPU
		{880B1E28-20F8-4F6F-BFE8-2FF74912CB6C}.Release|x64.Build.0 = Release|Any CPU
		{880B1E28-20F8-4F6F-BFE8-2FF74912CB6C}.Release|x86.ActiveCfg = Release|Any CPU
		{880B1E28-20F8-4F6F-BFE8-2FF74912CB6C}.Release|x86.Build.0 = Release|Any CPU
		{E9FD2DC6-22D1-42A7-A7F6-3FDB82EB1CAB}.Ad-Hoc|Any CPU.ActiveCfg = Release|x64
		{E9FD2DC6-22D1-42A7-A7F6-3FDB82EB1CAB}.Ad-Hoc|Any CPU.Build.0 = Release|x64
		{E9FD2DC6-22D1-42A7-A7F6-3FDB82EB1CAB}.Ad-Hoc|ARM.ActiveCfg = Release|x64
		{E9FD2DC6-22D1-42A7-A7F6-3FDB82EB1CAB}.Ad-Hoc|ARM.Build.0 = Release|x64
		{E9FD2DC6-22D1-42A7-A7F6-3FDB82EB1CAB}.Ad-Hoc|iPhone.ActiveCfg = Release|x64
		{E9FD2DC6-22D1-42A7-A7F6-3FDB82EB1CAB}.Ad-Hoc|iPhone.Build.0 = Release|x64
		{E9FD2DC6-22D1-42A7-A7F6-3FDB82EB1CAB}.Ad-Hoc|iPhoneSimulator.ActiveCfg = Release|x64
		{E9FD2DC6-22D1-42A7-A7F6-3FDB82EB1CAB}.Ad-Hoc|iPhoneSimulator.Build.0 = Release|x64
		{E9FD2DC6-22D1-42A7-A7F6-3FDB82EB1CAB}.Ad-Hoc|x64.ActiveCfg = Release|x64
		{E9FD2DC6-22D1-42A7-A7F6-3FDB82EB1CAB}.Ad-Hoc|x64.Build.0 = Release|x64
		{E9FD2DC6-22D1-42A7-A7F6-3FDB82EB1CAB}.Ad-Hoc|x86.ActiveCfg = Release|x86
		{E9FD2DC6-22D1-42A7-A7F6-3FDB82EB1CAB}.Ad-Hoc|x86.Build.0 = Release|x86
		{E9FD2DC6-22D1-42A7-A7F6-3FDB82EB1CAB}.AppStore|Any CPU.ActiveCfg = Release|x64
		{E9FD2DC6-22D1-42A7-A7F6-3FDB82EB1CAB}.AppStore|Any CPU.Build.0 = Release|x64
		{E9FD2DC6-22D1-42A7-A7F6-3FDB82EB1CAB}.AppStore|ARM.ActiveCfg = Release|x64
		{E9FD2DC6-22D1-42A7-A7F6-3FDB82EB1CAB}.AppStore|ARM.Build.0 = Release|x64
		{E9FD2DC6-22D1-42A7-A7F6-3FDB82EB1CAB}.AppStore|iPhone.ActiveCfg = Release|x64
		{E9FD2DC6-22D1-42A7-A7F6-3FDB82EB1CAB}.AppStore|iPhone.Build.0 = Release|x64
		{E9FD2DC6-22D1-42A7-A7F6-3FDB82EB1CAB}.AppStore|iPhoneSimulator.ActiveCfg = Release|x64
		{E9FD2DC6-22D1-42A7-A7F6-3FDB82EB1CAB}.AppStore|iPhoneSimulator.Build.0 = Release|x64
		{E9FD2DC6-22D1-42A7-A7F6-3FDB82EB1CAB}.AppStore|x64.ActiveCfg = Release|x64
		{E9FD2DC6-22D1-42A7-A7F6-3FDB82EB1CAB}.AppStore|x64.Build.0 = Release|x64
		{E9FD2DC6-22D1-42A7-A7F6-3FDB82EB1CAB}.AppStore|x86.ActiveCfg = Release|x86
		{E9FD2DC6-22D1-42A7-A7F6-3FDB82EB1CAB}.AppStore|x86.Build.0 = Release|x86
		{E9FD2DC6-22D1-42A7-A7F6-3FDB82EB1CAB}.Debug|Any CPU.ActiveCfg = Debug|x86
		{E9FD2DC6-22D1-42A7-A7F6-3FDB82EB1CAB}.Debug|ARM.ActiveCfg = Debug|x86
		{E9FD2DC6-22D1-42A7-A7F6-3FDB82EB1CAB}.Debug|iPhone.ActiveCfg = Debug|x86
		{E9FD2DC6-22D1-42A7-A7F6-3FDB82EB1CAB}.Debug|iPhoneSimulator.ActiveCfg = Debug|x86
		{E9FD2DC6-22D1-42A7-A7F6-3FDB82EB1CAB}.Debug|x64.ActiveCfg = Debug|x64
		{E9FD2DC6-22D1-42A7-A7F6-3FDB82EB1CAB}.Debug|x64.Build.0 = Debug|x64
		{E9FD2DC6-22D1-42A7-A7F6-3FDB82EB1CAB}.Debug|x86.ActiveCfg = Debug|x86
		{E9FD2DC6-22D1-42A7-A7F6-3FDB82EB1CAB}.Debug|x86.Build.0 = Debug|x86
		{E9FD2DC6-22D1-42A7-A7F6-3FDB82EB1CAB}.Release|Any CPU.ActiveCfg = Release|x86
		{E9FD2DC6-22D1-42A7-A7F6-3FDB82EB1CAB}.Release|ARM.ActiveCfg = Release|x86
		{E9FD2DC6-22D1-42A7-A7F6-3FDB82EB1CAB}.Release|iPhone.ActiveCfg = Release|x86
		{E9FD2DC6-22D1-42A7-A7F6-3FDB82EB1CAB}.Release|iPhoneSimulator.ActiveCfg = Release|x86
		{E9FD2DC6-22D1-42A7-A7F6-3FDB82EB1CAB}.Release|x64.ActiveCfg = Release|x64
		{E9FD2DC6-22D1-42A7-A7F6-3FDB82EB1CAB}.Release|x64.Build.0 = Release|x64
		{E9FD2DC6-22D1-42A7-A7F6-3FDB82EB1CAB}.Release|x86.ActiveCfg = Release|x86
		{E9FD2DC6-22D1-42A7-A7F6-3FDB82EB1CAB}.Release|x86.Build.0 = Release|x86
		{1308E73D-0051-4A64-9D29-911503B8F6C7}.Ad-Hoc|Any CPU.ActiveCfg = Release|Any CPU
		{1308E73D-0051-4A64-9D29-911503B8F6C7}.Ad-Hoc|Any CPU.Build.0 = Release|Any CPU
		{1308E73D-0051-4A64-9D29-911503B8F6C7}.Ad-Hoc|ARM.ActiveCfg = Release|Any CPU
		{1308E73D-0051-4A64-9D29-911503B8F6C7}.Ad-Hoc|ARM.Build.0 = Release|Any CPU
		{1308E73D-0051-4A64-9D29-911503B8F6C7}.Ad-Hoc|iPhone.ActiveCfg = Release|Any CPU
		{1308E73D-0051-4A64-9D29-911503B8F6C7}.Ad-Hoc|iPhone.Build.0 = Release|Any CPU
		{1308E73D-0051-4A64-9D29-911503B8F6C7}.Ad-Hoc|iPhoneSimulator.ActiveCfg = Release|Any CPU
		{1308E73D-0051-4A64-9D29-911503B8F6C7}.Ad-Hoc|iPhoneSimulator.Build.0 = Release|Any CPU
		{1308E73D-0051-4A64-9D29-911503B8F6C7}.Ad-Hoc|x64.ActiveCfg = Release|Any CPU
		{1308E73D-0051-4A64-9D29-911503B8F6C7}.Ad-Hoc|x64.Build.0 = Release|Any CPU
		{1308E73D-0051-4A64-9D29-911503B8F6C7}.Ad-Hoc|x86.ActiveCfg = Release|Any CPU
		{1308E73D-0051-4A64-9D29-911503B8F6C7}.Ad-Hoc|x86.Build.0 = Release|Any CPU
		{1308E73D-0051-4A64-9D29-911503B8F6C7}.AppStore|Any CPU.ActiveCfg = Release|Any CPU
		{1308E73D-0051-4A64-9D29-911503B8F6C7}.AppStore|Any CPU.Build.0 = Release|Any CPU
		{1308E73D-0051-4A64-9D29-911503B8F6C7}.AppStore|ARM.ActiveCfg = Release|Any CPU
		{1308E73D-0051-4A64-9D29-911503B8F6C7}.AppStore|ARM.Build.0 = Release|Any CPU
		{1308E73D-0051-4A64-9D29-911503B8F6C7}.AppStore|iPhone.ActiveCfg = Release|Any CPU
		{1308E73D-0051-4A64-9D29-911503B8F6C7}.AppStore|iPhone.Build.0 = Release|Any CPU
		{1308E73D-0051-4A64-9D29-911503B8F6C7}.AppStore|iPhoneSimulator.ActiveCfg = Release|Any CPU
		{1308E73D-0051-4A64-9D29-911503B8F6C7}.AppStore|iPhoneSimulator.Build.0 = Release|Any CPU
		{1308E73D-0051-4A64-9D29-911503B8F6C7}.AppStore|x64.ActiveCfg = Release|Any CPU
		{1308E73D-0051-4A64-9D29-911503B8F6C7}.AppStore|x64.Build.0 = Release|Any CPU
		{1308E73D-0051-4A64-9D29-911503B8F6C7}.AppStore|x86.ActiveCfg = Release|Any CPU
		{1308E73D-0051-4A64-9D29-911503B8F6C7}.AppStore|x86.Build.0 = Release|Any CPU
		{1308E73D-0051-4A64-9D29-911503B8F6C7}.Debug|Any CPU.ActiveCfg = Debug|Any CPU
		{1308E73D-0051-4A64-9D29-911503B8F6C7}.Debug|Any CPU.Build.0 = Debug|Any CPU
		{1308E73D-0051-4A64-9D29-911503B8F6C7}.Debug|ARM.ActiveCfg = Debug|Any CPU
		{1308E73D-0051-4A64-9D29-911503B8F6C7}.Debug|ARM.Build.0 = Debug|Any CPU
		{1308E73D-0051-4A64-9D29-911503B8F6C7}.Debug|iPhone.ActiveCfg = Debug|Any CPU
		{1308E73D-0051-4A64-9D29-911503B8F6C7}.Debug|iPhone.Build.0 = Debug|Any CPU
		{1308E73D-0051-4A64-9D29-911503B8F6C7}.Debug|iPhoneSimulator.ActiveCfg = Debug|Any CPU
		{1308E73D-0051-4A64-9D29-911503B8F6C7}.Debug|iPhoneSimulator.Build.0 = Debug|Any CPU
		{1308E73D-0051-4A64-9D29-911503B8F6C7}.Debug|x64.ActiveCfg = Debug|Any CPU
		{1308E73D-0051-4A64-9D29-911503B8F6C7}.Debug|x64.Build.0 = Debug|Any CPU
		{1308E73D-0051-4A64-9D29-911503B8F6C7}.Debug|x86.ActiveCfg = Debug|Any CPU
		{1308E73D-0051-4A64-9D29-911503B8F6C7}.Debug|x86.Build.0 = Debug|Any CPU
		{1308E73D-0051-4A64-9D29-911503B8F6C7}.Release|Any CPU.ActiveCfg = Release|Any CPU
		{1308E73D-0051-4A64-9D29-911503B8F6C7}.Release|Any CPU.Build.0 = Release|Any CPU
		{1308E73D-0051-4A64-9D29-911503B8F6C7}.Release|ARM.ActiveCfg = Release|Any CPU
		{1308E73D-0051-4A64-9D29-911503B8F6C7}.Release|ARM.Build.0 = Release|Any CPU
		{1308E73D-0051-4A64-9D29-911503B8F6C7}.Release|iPhone.ActiveCfg = Release|Any CPU
		{1308E73D-0051-4A64-9D29-911503B8F6C7}.Release|iPhone.Build.0 = Release|Any CPU
		{1308E73D-0051-4A64-9D29-911503B8F6C7}.Release|iPhoneSimulator.ActiveCfg = Release|Any CPU
		{1308E73D-0051-4A64-9D29-911503B8F6C7}.Release|iPhoneSimulator.Build.0 = Release|Any CPU
		{1308E73D-0051-4A64-9D29-911503B8F6C7}.Release|x64.ActiveCfg = Release|Any CPU
		{1308E73D-0051-4A64-9D29-911503B8F6C7}.Release|x64.Build.0 = Release|Any CPU
		{1308E73D-0051-4A64-9D29-911503B8F6C7}.Release|x86.ActiveCfg = Release|Any CPU
		{1308E73D-0051-4A64-9D29-911503B8F6C7}.Release|x86.Build.0 = Release|Any CPU
	EndGlobalSection
	GlobalSection(SolutionProperties) = preSolution
		HideSolutionNode = FALSE
	EndGlobalSection
	GlobalSection(NestedProjects) = preSolution
		{EC9878B3-B74D-45BB-B748-8271D14818B0} = {C1A5F3E8-CE23-4CEC-B350-FF325EC2FF3E}
		{F452868A-F658-4460-B995-720C96F4E224} = {C1A5F3E8-CE23-4CEC-B350-FF325EC2FF3E}
		{D4D496F9-2812-4FDA-9533-DDE3A52F542B} = {C1A5F3E8-CE23-4CEC-B350-FF325EC2FF3E}
	EndGlobalSection
	GlobalSection(ExtensibilityGlobals) = postSolution
		SolutionGuid = {CBF9550E-2653-4E1F-A82A-5CDD29DBE40D}
	EndGlobalSection
EndGlobal
