# THIS IS AN AUTOGENERATED FILE. DO NOT EDIT THIS FILE DIRECTLY.
# yarn lockfile v1


"@the-coin/contract@^1.0.4":
  version "1.0.4"
  resolved "https://tnadevelopment.pkgs.visualstudio.com/_packaging/the-coin/npm/registry/@the-coin/contract/-/contract-1.0.4.tgz#763f614ac286a1c5b34035208380eb5ba006375d"
