Microsoft Visual Studio Solution File, Format Version 12.00
# Visual Studio 14
VisualStudioVersion = 14.0.25420.1
MinimumVisualStudioVersion = 10.0.40219.1
Project("{FAE04EC0-301F-11D3-BF4B-00C04F79EFBC}") = "TapCap.Client", "src\TapCap.Client\TapCap.Client.csproj", "{BBEF24DE-3E89-43A6-8565-CCF74DD0AF00}"
EndProject
Global
	GlobalSection(SolutionConfigurationPlatforms) = preSolution
		Debug|Any CPU = Debug|Any CPU
		Release|Any CPU = Release|Any CPU
	EndGlobalSection
	GlobalSection(ProjectConfigurationPlatforms) = postSolution
		{BBEF24DE-3E89-43A6-8565-CCF74DD0AF00}.Debug|Any CPU.ActiveCfg = Debug|Any CPU
		{BBEF24DE-3E89-43A6-8565-CCF74DD0AF00}.Debug|Any CPU.Build.0 = Debug|Any CPU
		{BBEF24DE-3E89-43A6-8565-CCF74DD0AF00}.Release|Any CPU.ActiveCfg = Release|Any CPU
		{BBEF24DE-3E89-43A6-8565-CCF74DD0AF00}.Release|Any CPU.Build.0 = Release|Any CPU
		{19F1DEBC-DE5E-4517-8062-F000CD499087}.Debug|Any CPU.ActiveCfg = Debug|Any CPU
		{19F1DEBC-DE5E-4517-8062-F000CD499087}.Debug|Any CPU.Build.0 = Debug|Any CPU
		{19F1DEBC-DE5E-4517-8062-F000CD499087}.Release|Any CPU.ActiveCfg = Release|Any CPU
		{19F1DEBC-DE5E-4517-8062-F000CD499087}.Release|Any CPU.Build.0 = Release|Any CPU
	EndGlobalSection
	GlobalSection(SolutionProperties) = preSolution
		HideSolutionNode = FALSE
	EndGlobalSection
EndGlobal