
Microsoft Visual Studio Solution File, Format Version 12.00
# Visual Studio Version 16
VisualStudioVersion = 16.0.31321.278
MinimumVisualStudioVersion = 10.0.40219.1
Project("{9A19103F-16F7-4668-BE54-9A1E7A4F7556}") = "TapCapSupplier", "TapCapSupplier.csproj", "{88DE24E0-E57F-4E4C-9247-2937B557BC80}"
EndProject
Project("{9A19103F-16F7-4668-BE54-9A1E7A4F7556}") = "TheBankAPI", "..\..\libs\bank-scraper\TheBankAPI.csproj", "{91B4A4EE-35F1-4C0D-AC88-0CD32BC13718}"
EndProject
Project("{9A19103F-16F7-4668-BE54-9A1E7A4F7556}") = "TheUtils", "..\..\libs\utils-cs\TheUtils.csproj", "{529EF38B-4D41-4296-969E-96057C299A11}"
EndProject
Project("{9A19103F-16F7-4668-BE54-9A1E7A4F7556}") = "ThePricing", "..\..\apis\rates\cs\src\ThePricing\ThePricing.csproj", "{9981295D-AA66-4977-B13D-DDD7C2477B56}"
EndProject
Global
	GlobalSection(SolutionConfigurationPlatforms) = preSolution
		Debug|Any CPU = Debug|Any CPU
		Release|Any CPU = Release|Any CPU
	EndGlobalSection
	GlobalSection(ProjectConfigurationPlatforms) = postSolution
		{88DE24E0-E57F-4E4C-9247-2937B557BC80}.Debug|Any CPU.ActiveCfg = Debug|Any CPU
		{88DE24E0-E57F-4E4C-9247-2937B557BC80}.Debug|Any CPU.Build.0 = Debug|Any CPU
		{88DE24E0-E57F-4E4C-9247-2937B557BC80}.Release|Any CPU.ActiveCfg = Release|Any CPU
		{88DE24E0-E57F-4E4C-9247-2937B557BC80}.Release|Any CPU.Build.0 = Release|Any CPU
		{91B4A4EE-35F1-4C0D-AC88-0CD32BC13718}.Debug|Any CPU.ActiveCfg = Debug|Any CPU
		{91B4A4EE-35F1-4C0D-AC88-0CD32BC13718}.Debug|Any CPU.Build.0 = Debug|Any CPU
		{91B4A4EE-35F1-4C0D-AC88-0CD32BC13718}.Release|Any CPU.ActiveCfg = Release|Any CPU
		{91B4A4EE-35F1-4C0D-AC88-0CD32BC13718}.Release|Any CPU.Build.0 = Release|Any CPU
		{529EF38B-4D41-4296-969E-96057C299A11}.Debug|Any CPU.ActiveCfg = Debug|Any CPU
		{529EF38B-4D41-4296-969E-96057C299A11}.Debug|Any CPU.Build.0 = Debug|Any CPU
		{529EF38B-4D41-4296-969E-96057C299A11}.Release|Any CPU.ActiveCfg = Release|Any CPU
		{529EF38B-4D41-4296-969E-96057C299A11}.Release|Any CPU.Build.0 = Release|Any CPU
		{9981295D-AA66-4977-B13D-DDD7C2477B56}.Debug|Any CPU.ActiveCfg = Debug|Any CPU
		{9981295D-AA66-4977-B13D-DDD7C2477B56}.Debug|Any CPU.Build.0 = Debug|Any CPU
		{9981295D-AA66-4977-B13D-DDD7C2477B56}.Release|Any CPU.ActiveCfg = Release|Any CPU
		{9981295D-AA66-4977-B13D-DDD7C2477B56}.Release|Any CPU.Build.0 = Release|Any CPU
	EndGlobalSection
	GlobalSection(SolutionProperties) = preSolution
		HideSolutionNode = FALSE
	EndGlobalSection
	GlobalSection(ExtensibilityGlobals) = postSolution
		SolutionGuid = {272C7E4B-271E-44BC-ACD1-37784FEDFF3E}
	EndGlobalSection
EndGlobal
